// !$*UTF8*$!
{
	archiveVersion = 1;
	classes = {
	};
	objectVersion = 46;
	objects = {

/* Begin PBXBuildFile section */
		1D3623260D0F684500981E51 /* AppDelegate.mm in Sources */ = {isa = PBXBuildFile; fileRef = 1D3623250D0F684500981E51 /* AppDelegate.mm */; };
		1D3623EC0D0F72F000981E51 /* CoreGraphics.framework in Frameworks */ = {isa = PBXBuildFile; fileRef = 1D3623EB0D0F72F000981E51 /* CoreGraphics.framework */; };
		1D60589B0D05DD56006BFB54 /* main.mm in Sources */ = {isa = PBXBuildFile; fileRef = 29B97316FDCFA39411CA2CEA /* main.mm */; };
		1D60589F0D05DD5A006BFB54 /* Foundation.framework in Frameworks */ = {isa = PBXBuildFile; fileRef = 1D30AB110D05D00D00671497 /* Foundation.framework */; };
		1DF5F4E00D08C38300B7A737 /* UIKit.framework in Frameworks */ = {isa = PBXBuildFile; fileRef = 1DF5F4DF0D08C38300B7A737 /* UIKit.framework */; };
		3210489518464A8B00371D8B /* top_gb.png in Resources */ = {isa = PBXBuildFile; fileRef = 3210489318464A8B00371D8B /* top_gb.png */; };
		3210489618464A8B00371D8B /* top_gb@2x.png in Resources */ = {isa = PBXBuildFile; fileRef = 3210489418464A8B00371D8B /* top_gb@2x.png */; };
		32B1BDDA1840F55900FFC32D /* kiss_fastfir.c in Sources */ = {isa = PBXBuildFile; fileRef = 32B1BDD41840F55900FFC32D /* kiss_fastfir.c */; };
		32B1BDDB1840F55900FFC32D /* kiss_fft.c in Sources */ = {isa = PBXBuildFile; fileRef = 32B1BDD61840F55900FFC32D /* kiss_fft.c */; };
		32B1BDDC1840F55900FFC32D /* kiss_fftr.c in Sources */ = {isa = PBXBuildFile; fileRef = 32B1BDD81840F55900FFC32D /* kiss_fftr.c */; };
		32B1BDE11840F57A00FFC32D /* bb_freq_util.cpp in Sources */ = {isa = PBXBuildFile; fileRef = 32B1BDDE1840F57A00FFC32D /* bb_freq_util.cpp */; };
		32B1BDE51840F58900FFC32D /* queue.cpp in Sources */ = {isa = PBXBuildFile; fileRef = 32B1BDE31840F58900FFC32D /* queue.cpp */; };
		32B1BDE91840F59400FFC32D /* rscode.cpp in Sources */ = {isa = PBXBuildFile; fileRef = 32B1BDE71840F59400FFC32D /* rscode.cpp */; };
		32CECB021845003A00772F34 /* libsqlite3.0.dylib in Frameworks */ = {isa = PBXBuildFile; fileRef = 32CECB011845003A00772F34 /* libsqlite3.0.dylib */; };
		3F4E4F8C184355D5006D7205 /* FMDatabase.m in Sources */ = {isa = PBXBuildFile; fileRef = 3F4E4F82184355D5006D7205 /* FMDatabase.m */; };
		3F4E4F8D184355D5006D7205 /* FMDatabaseAdditions.m in Sources */ = {isa = PBXBuildFile; fileRef = 3F4E4F84184355D5006D7205 /* FMDatabaseAdditions.m */; };
		3F4E4F8E184355D5006D7205 /* FMDatabasePool.m in Sources */ = {isa = PBXBuildFile; fileRef = 3F4E4F86184355D5006D7205 /* FMDatabasePool.m */; };
		3F4E4F8F184355D5006D7205 /* FMDatabaseQueue.m in Sources */ = {isa = PBXBuildFile; fileRef = 3F4E4F88184355D5006D7205 /* FMDatabaseQueue.m */; };
		3F4E4F91184355D5006D7205 /* FMResultSet.m in Sources */ = {isa = PBXBuildFile; fileRef = 3F4E4F8B184355D5006D7205 /* FMResultSet.m */; };
		3F4E4F96184360AD006D7205 /* Database.m in Sources */ = {isa = PBXBuildFile; fileRef = 3F4E4F95184360AD006D7205 /* Database.m */; };
		3F4E4F9918436439006D7205 /* WaveTransModel.m in Sources */ = {isa = PBXBuildFile; fileRef = 3F4E4F9818436439006D7205 /* WaveTransModel.m */; };
		3F4E4F9D18449341006D7205 /* DDHTextView.m in Sources */ = {isa = PBXBuildFile; fileRef = 3F4E4F9C18449341006D7205 /* DDHTextView.m */; settings = {COMPILER_FLAGS = "-fobjc-arc"; }; };
		3F4E4FA2184493EA006D7205 /* TextEditorViewController.m in Sources */ = {isa = PBXBuildFile; fileRef = 3F4E4FA1184493EA006D7205 /* TextEditorViewController.m */; };
		3F4E4FA31844BDEC006D7205 /* MainViewController.mm in Sources */ = {isa = PBXBuildFile; fileRef = C15BAFB418444D6900690D74 /* MainViewController.mm */; };
		3F4E4FB018460F8D006D7205 /* TextViewController.m in Sources */ = {isa = PBXBuildFile; fileRef = 3F4E4FAF18460F8D006D7205 /* TextViewController.m */; };
		3F4E5001184614C2006D7205 /* html in Resources */ = {isa = PBXBuildFile; fileRef = 3F4E5000184614C2006D7205 /* html */; };
		3F6E5C70184ECAEB004FB1E1 /* libVdiskSDK-iOS.a in Frameworks */ = {isa = PBXBuildFile; fileRef = 3F6E5C6F184ECAC4004FB1E1 /* libVdiskSDK-iOS.a */; };
		3F6E5C73184EDE9F004FB1E1 /* Security.framework in Frameworks */ = {isa = PBXBuildFile; fileRef = 3F6E5C72184EDE9F004FB1E1 /* Security.framework */; };
		3FA6969A1843247C00B6FFDE /* Images.xcassets in Resources */ = {isa = PBXBuildFile; fileRef = 3FA696991843247C00B6FFDE /* Images.xcassets */; };
		3FA6969B184324C000B6FFDE /* FileExt.plist in Resources */ = {isa = PBXBuildFile; fileRef = 3FC75CFD18431DB0006C84F5 /* FileExt.plist */; };
		3FA6969D1843296D00B6FFDE /* AssetsLibrary.framework in Frameworks */ = {isa = PBXBuildFile; fileRef = 3FA6969C1843296D00B6FFDE /* AssetsLibrary.framework */; };
		3FC75CF6184302B0006C84F5 /* Default-568h@2x.png in Resources */ = {isa = PBXBuildFile; fileRef = 3FC75CF4184302B0006C84F5 /* Default-568h@2x.png */; };
		3FC75CF7184302B0006C84F5 /* icon.png in Resources */ = {isa = PBXBuildFile; fileRef = 3FC75CF5184302B0006C84F5 /* icon.png */; };
		8250CD57145B602D00806437 /* Accelerate.framework in Frameworks */ = {isa = PBXBuildFile; fileRef = 8250CD56145B602D00806437 /* Accelerate.framework */; };
		A10A0C0F0DEDE20700E5A482 /* FFTBufferManager.cpp in Sources */ = {isa = PBXBuildFile; fileRef = A10A0C0E0DEDE20700E5A482 /* FFTBufferManager.cpp */; };
		A16C46DE0DE37EC400F4A0B3 /* EAGLView.m in Sources */ = {isa = PBXBuildFile; fileRef = A16C46DC0DE37EC400F4A0B3 /* EAGLView.m */; };
		A16C47120DE37F9E00F4A0B3 /* OpenGLES.framework in Frameworks */ = {isa = PBXBuildFile; fileRef = A16C47110DE37F9E00F4A0B3 /* OpenGLES.framework */; };
		A16C473F0DE3801700F4A0B3 /* QuartzCore.framework in Frameworks */ = {isa = PBXBuildFile; fileRef = A16C473E0DE3801700F4A0B3 /* QuartzCore.framework */; };
		ADB16D1A183E322C00115067 /* CFNetwork.framework in Frameworks */ = {isa = PBXBuildFile; fileRef = ADB16D19183E322C00115067 /* CFNetwork.framework */; };
		ADB16D1C183E337900115067 /* SystemConfiguration.framework in Frameworks */ = {isa = PBXBuildFile; fileRef = ADB16D1B183E337900115067 /* SystemConfiguration.framework */; };
		ADB16D1E183E338600115067 /* MobileCoreServices.framework in Frameworks */ = {isa = PBXBuildFile; fileRef = ADB16D1D183E338600115067 /* MobileCoreServices.framework */; };
		ADB16D20183E33AB00115067 /* libz.dylib in Frameworks */ = {isa = PBXBuildFile; fileRef = ADB16D1F183E33AB00115067 /* libz.dylib */; };
		ADB16D23183F0BAA00115067 /* WaveTransMetadata.mm in Sources */ = {isa = PBXBuildFile; fileRef = ADB16D22183F0BAA00115067 /* WaveTransMetadata.mm */; };
		ADB84CD01845C6D80021D9FF /* MediaPlayer.framework in Frameworks */ = {isa = PBXBuildFile; fileRef = ADB84CCF1845C6D80021D9FF /* MediaPlayer.framework */; };
		ADBE4A2E18432EF700B8E6A3 /* MBProgressHUD.m in Sources */ = {isa = PBXBuildFile; fileRef = ADBE4A2D18432EF700B8E6A3 /* MBProgressHUD.m */; };
		ADF1D0DA183F47FE000BF5B5 /* RootViewController.mm in Sources */ = {isa = PBXBuildFile; fileRef = ADF1D0D9183F47FE000BF5B5 /* RootViewController.mm */; };
		ADF1D0E0183F58BE000BF5B5 /* PCMRender.m in Sources */ = {isa = PBXBuildFile; fileRef = ADF1D0DD183F58BE000BF5B5 /* PCMRender.m */; };
		ADF1D0E3183F5B16000BF5B5 /* AVFoundation.framework in Frameworks */ = {isa = PBXBuildFile; fileRef = ADF1D0E2183F5B16000BF5B5 /* AVFoundation.framework */; };
		C140F03C18449F7100083B9B /* EGOImageLoadConnection.m in Sources */ = {isa = PBXBuildFile; fileRef = C140F03618449F7100083B9B /* EGOImageLoadConnection.m */; };
		C140F03D18449F7100083B9B /* EGOImageLoader.m in Sources */ = {isa = PBXBuildFile; fileRef = C140F03818449F7100083B9B /* EGOImageLoader.m */; };
		C140F03E18449F7100083B9B /* EGOImageView.m in Sources */ = {isa = PBXBuildFile; fileRef = C140F03B18449F7100083B9B /* EGOImageView.m */; };
		C140F0411844A21400083B9B /* EGOCache.m in Sources */ = {isa = PBXBuildFile; fileRef = C140F0401844A21400083B9B /* EGOCache.m */; };
		C140F04E1844C71000083B9B /* quotes_l.png in Resources */ = {isa = PBXBuildFile; fileRef = C140F04A1844C71000083B9B /* quotes_l.png */; };
		C140F04F1844C71000083B9B /* quotes_l@2x.png in Resources */ = {isa = PBXBuildFile; fileRef = C140F04B1844C71000083B9B /* quotes_l@2x.png */; };
		C140F0501844C71000083B9B /* quotes_r.png in Resources */ = {isa = PBXBuildFile; fileRef = C140F04C1844C71000083B9B /* quotes_r.png */; };
		C140F0511844C71000083B9B /* quotes_r@2x.png in Resources */ = {isa = PBXBuildFile; fileRef = C140F04D1844C71000083B9B /* quotes_r@2x.png */; };
		C140F0541845907100083B9B /* UIImage+UIImageScale.m in Sources */ = {isa = PBXBuildFile; fileRef = C140F0531845907100083B9B /* UIImage+UIImageScale.m */; };
		C15BAFC318444E0C00690D74 /* AudioCell.xib in Resources */ = {isa = PBXBuildFile; fileRef = C15BAFB718444E0C00690D74 /* AudioCell.xib */; };
		C15BAFC418444E0C00690D74 /* BinaryCell.xib in Resources */ = {isa = PBXBuildFile; fileRef = C15BAFB818444E0C00690D74 /* BinaryCell.xib */; };
		C15BAFC518444E0C00690D74 /* MainTableViewCell.m in Sources */ = {isa = PBXBuildFile; fileRef = C15BAFBA18444E0C00690D74 /* MainTableViewCell.m */; };
		C15BAFC618444E0C00690D74 /* MSCMoreOptionTableViewCell.m in Sources */ = {isa = PBXBuildFile; fileRef = C15BAFBD18444E0C00690D74 /* MSCMoreOptionTableViewCell.m */; settings = {COMPILER_FLAGS = "-fobjc-arc"; }; };
		C15BAFC718444E0C00690D74 /* PhotoCell.xib in Resources */ = {isa = PBXBuildFile; fileRef = C15BAFBE18444E0C00690D74 /* PhotoCell.xib */; };
		C15BAFC818444E0C00690D74 /* TableViewCellFactory.m in Sources */ = {isa = PBXBuildFile; fileRef = C15BAFC018444E0C00690D74 /* TableViewCellFactory.m */; };
		C15BAFC918444E0C00690D74 /* TextCell.xib in Resources */ = {isa = PBXBuildFile; fileRef = C15BAFC118444E0C00690D74 /* TextCell.xib */; };
		C15BAFCA18444E0C00690D74 /* VideoCell.xib in Resources */ = {isa = PBXBuildFile; fileRef = C15BAFC218444E0C00690D74 /* VideoCell.xib */; };
		C15BAFE918444F0900690D74 /* AudioCell.m in Sources */ = {isa = PBXBuildFile; fileRef = C15BAFE818444F0900690D74 /* AudioCell.m */; };
		C15BAFEC18444F3B00690D74 /* VideoCell.m in Sources */ = {isa = PBXBuildFile; fileRef = C15BAFEB18444F3B00690D74 /* VideoCell.m */; };
		C15BAFEF18444F5100690D74 /* TextCell.m in Sources */ = {isa = PBXBuildFile; fileRef = C15BAFEE18444F5100690D74 /* TextCell.m */; };
		C15BAFF218444F6900690D74 /* PhotoCell.m in Sources */ = {isa = PBXBuildFile; fileRef = C15BAFF118444F6900690D74 /* PhotoCell.m */; };
		C15BAFF518444F7A00690D74 /* BinaryCell.m in Sources */ = {isa = PBXBuildFile; fileRef = C15BAFF418444F7A00690D74 /* BinaryCell.m */; };
		C15BB0021844599F00690D74 /* play_beep.png in Resources */ = {isa = PBXBuildFile; fileRef = C15BAFF61844599F00690D74 /* play_beep.png */; };
		C15BB0031844599F00690D74 /* play_beep@2x.png in Resources */ = {isa = PBXBuildFile; fileRef = C15BAFF71844599F00690D74 /* play_beep@2x.png */; };
		C15BB0041844599F00690D74 /* play_btn.png in Resources */ = {isa = PBXBuildFile; fileRef = C15BAFF81844599F00690D74 /* play_btn.png */; };
		C15BB0051844599F00690D74 /* play_btn@2x.png in Resources */ = {isa = PBXBuildFile; fileRef = C15BAFF91844599F00690D74 /* play_btn@2x.png */; };
		C15BB0061844599F00690D74 /* photo_cell_alpha_cover.png in Resources */ = {isa = PBXBuildFile; fileRef = C15BAFFA1844599F00690D74 /* photo_cell_alpha_cover.png */; };
		C15BB0071844599F00690D74 /* audio_bg.png in Resources */ = {isa = PBXBuildFile; fileRef = C15BAFFB1844599F00690D74 /* audio_bg.png */; };
		C15BB0081844599F00690D74 /* binary_bg.png in Resources */ = {isa = PBXBuildFile; fileRef = C15BAFFC1844599F00690D74 /* binary_bg.png */; };
		C15BB0091844599F00690D74 /* text_bg@2x.png in Resources */ = {isa = PBXBuildFile; fileRef = C15BAFFD1844599F00690D74 /* text_bg@2x.png */; };
		C15BB00A1844599F00690D74 /* arrow_left@2x.png in Resources */ = {isa = PBXBuildFile; fileRef = C15BAFFE1844599F00690D74 /* arrow_left@2x.png */; };
		C15BB00B1844599F00690D74 /* arrow_right@2x.png in Resources */ = {isa = PBXBuildFile; fileRef = C15BAFFF1844599F00690D74 /* arrow_right@2x.png */; };
		C15BB00C1844599F00690D74 /* tableview_sep_line@2x.png in Resources */ = {isa = PBXBuildFile; fileRef = C15BB0001844599F00690D74 /* tableview_sep_line@2x.png */; };
		C15BB00D1844599F00690D74 /* tableview_sep_line.png in Resources */ = {isa = PBXBuildFile; fileRef = C15BB0011844599F00690D74 /* tableview_sep_line.png */; };
		C15BB0101844789D00690D74 /* ContactsCell.m in Sources */ = {isa = PBXBuildFile; fileRef = C15BB00F1844789D00690D74 /* ContactsCell.m */; };
		C15BB012184478B400690D74 /* ContactsCell.xib in Resources */ = {isa = PBXBuildFile; fileRef = C15BB011184478B400690D74 /* ContactsCell.xib */; };
		C15BB01418447A8600690D74 /* WeiboCell.xib in Resources */ = {isa = PBXBuildFile; fileRef = C15BB01318447A8600690D74 /* WeiboCell.xib */; };
		C15BB01718447A9000690D74 /* WeiboCell.m in Sources */ = {isa = PBXBuildFile; fileRef = C15BB01618447A9000690D74 /* WeiboCell.m */; };
		C15BB01D184482EE00690D74 /* PureTextCell.m in Sources */ = {isa = PBXBuildFile; fileRef = C15BB01C184482EE00690D74 /* PureTextCell.m */; };
		C15BB01F184482FD00690D74 /* PureTextCell.xib in Resources */ = {isa = PBXBuildFile; fileRef = C15BB01E184482FD00690D74 /* PureTextCell.xib */; };
		C1618EA81846EA5600C7413D /* sent_btn.png in Resources */ = {isa = PBXBuildFile; fileRef = C1618EA61846EA5600C7413D /* sent_btn.png */; };
		C1618EA91846EA5600C7413D /* sent_btn@2x.png in Resources */ = {isa = PBXBuildFile; fileRef = C1618EA71846EA5600C7413D /* sent_btn@2x.png */; };
		C1618EAC184715C000C7413D /* error.wav in Resources */ = {isa = PBXBuildFile; fileRef = C1618EAA184715C000C7413D /* error.wav */; };
		C1618EAD184715C000C7413D /* success_1.wav in Resources */ = {isa = PBXBuildFile; fileRef = C1618EAB184715C000C7413D /* success_1.wav */; };
		C1618EB018486BED00C7413D /* play_beep_disable.png in Resources */ = {isa = PBXBuildFile; fileRef = C1618EAE18486BED00C7413D /* play_beep_disable.png */; };
		C1618EB118486BEE00C7413D /* play_beep_disable@2x.png in Resources */ = {isa = PBXBuildFile; fileRef = C1618EAF18486BED00C7413D /* play_beep_disable@2x.png */; };
		F712EAB00DF0FEAF003F7B58 /* aurio_helper.cpp in Sources */ = {isa = PBXBuildFile; fileRef = F712EAAE0DF0FEAF003F7B58 /* aurio_helper.cpp */; };
		F74ADD190DDA24AA0046BEC2 /* CADebugMacros.cpp in Sources */ = {isa = PBXBuildFile; fileRef = F74ADD0F0DDA24AA0046BEC2 /* CADebugMacros.cpp */; };
		F74ADD1B0DDA24AA0046BEC2 /* CAStreamBasicDescription.cpp in Sources */ = {isa = PBXBuildFile; fileRef = F74ADD150DDA24AA0046BEC2 /* CAStreamBasicDescription.cpp */; };
		F74ADD1C0DDA24AA0046BEC2 /* CAXException.cpp in Sources */ = {isa = PBXBuildFile; fileRef = F74ADD170DDA24AA0046BEC2 /* CAXException.cpp */; };
		F7E58EDA0DCFD988006C4A2F /* AudioToolbox.framework in Frameworks */ = {isa = PBXBuildFile; fileRef = F7E58ED90DCFD988006C4A2F /* AudioToolbox.framework */; };
/* End PBXBuildFile section */

/* Begin PBXContainerItemProxy section */
		3F6E5C6E184ECAC4004FB1E1 /* PBXContainerItemProxy */ = {
			isa = PBXContainerItemProxy;
			containerPortal = 3F6E5C65184EC9FB004FB1E1 /* VdiskSDK.xcodeproj */;
			proxyType = 2;
			remoteGlobalIDString = 3FA18FB0158F43D0002FF989;
			remoteInfo = "VdiskSDK-iOS";
		};
/* End PBXContainerItemProxy section */

/* Begin PBXFileReference section */
		0765F5860DF0DC28006468E4 /* rad2fft.c */ = {isa = PBXFileReference; fileEncoding = 4; lastKnownFileType = sourcecode.c.c; path = rad2fft.c; sourceTree = "<group>"; };
		0765F5870DF0DC28006468E4 /* rad2fft.h */ = {isa = PBXFileReference; fileEncoding = 4; lastKnownFileType = sourcecode.c.h; path = rad2fft.h; sourceTree = "<group>"; };
		1D30AB110D05D00D00671497 /* Foundation.framework */ = {isa = PBXFileReference; lastKnownFileType = wrapper.framework; name = Foundation.framework; path = System/Library/Frameworks/Foundation.framework; sourceTree = SDKROOT; };
		1D3623240D0F684500981E51 /* AppDelegate.h */ = {isa = PBXFileReference; explicitFileType = sourcecode.cpp.h; fileEncoding = 4; path = AppDelegate.h; sourceTree = "<group>"; };
		1D3623250D0F684500981E51 /* AppDelegate.mm */ = {isa = PBXFileReference; fileEncoding = 4; lastKnownFileType = sourcecode.cpp.objcpp; path = AppDelegate.mm; sourceTree = "<group>"; };
		1D3623EB0D0F72F000981E51 /* CoreGraphics.framework */ = {isa = PBXFileReference; lastKnownFileType = wrapper.framework; name = CoreGraphics.framework; path = System/Library/Frameworks/CoreGraphics.framework; sourceTree = SDKROOT; };
		1D6058910D05DD3D006BFB54 /* WaveTrans.app */ = {isa = PBXFileReference; explicitFileType = wrapper.application; includeInIndex = 0; path = WaveTrans.app; sourceTree = BUILT_PRODUCTS_DIR; };
		1DF5F4DF0D08C38300B7A737 /* UIKit.framework */ = {isa = PBXFileReference; lastKnownFileType = wrapper.framework; name = UIKit.framework; path = System/Library/Frameworks/UIKit.framework; sourceTree = SDKROOT; };
		29B97316FDCFA39411CA2CEA /* main.mm */ = {isa = PBXFileReference; fileEncoding = 4; lastKnownFileType = sourcecode.cpp.objcpp; path = main.mm; sourceTree = "<group>"; };
		3210489318464A8B00371D8B /* top_gb.png */ = {isa = PBXFileReference; lastKnownFileType = image.png; path = top_gb.png; sourceTree = "<group>"; };
		3210489418464A8B00371D8B /* top_gb@2x.png */ = {isa = PBXFileReference; lastKnownFileType = image.png; path = "top_gb@2x.png"; sourceTree = "<group>"; };
		32B1BDD31840F55900FFC32D /* _kiss_fft_guts.h */ = {isa = PBXFileReference; fileEncoding = 4; lastKnownFileType = sourcecode.c.h; path = _kiss_fft_guts.h; sourceTree = "<group>"; };
		32B1BDD41840F55900FFC32D /* kiss_fastfir.c */ = {isa = PBXFileReference; fileEncoding = 4; lastKnownFileType = sourcecode.c.c; path = kiss_fastfir.c; sourceTree = "<group>"; };
		32B1BDD51840F55900FFC32D /* kiss_fastfir.h */ = {isa = PBXFileReference; fileEncoding = 4; lastKnownFileType = sourcecode.c.h; path = kiss_fastfir.h; sourceTree = "<group>"; };
		32B1BDD61840F55900FFC32D /* kiss_fft.c */ = {isa = PBXFileReference; fileEncoding = 4; lastKnownFileType = sourcecode.c.c; path = kiss_fft.c; sourceTree = "<group>"; };
		32B1BDD71840F55900FFC32D /* kiss_fft.h */ = {isa = PBXFileReference; fileEncoding = 4; lastKnownFileType = sourcecode.c.h; path = kiss_fft.h; sourceTree = "<group>"; };
		32B1BDD81840F55900FFC32D /* kiss_fftr.c */ = {isa = PBXFileReference; fileEncoding = 4; lastKnownFileType = sourcecode.c.c; path = kiss_fftr.c; sourceTree = "<group>"; };
		32B1BDD91840F55900FFC32D /* kiss_fftr.h */ = {isa = PBXFileReference; fileEncoding = 4; lastKnownFileType = sourcecode.c.h; path = kiss_fftr.h; sourceTree = "<group>"; };
		32B1BDDE1840F57A00FFC32D /* bb_freq_util.cpp */ = {isa = PBXFileReference; fileEncoding = 4; lastKnownFileType = sourcecode.cpp.cpp; path = bb_freq_util.cpp; sourceTree = "<group>"; };
		32B1BDDF1840F57A00FFC32D /* bb_freq_util.h */ = {isa = PBXFileReference; fileEncoding = 4; lastKnownFileType = sourcecode.c.h; path = bb_freq_util.h; sourceTree = "<group>"; };
		32B1BDE01840F57A00FFC32D /* bb_header.h */ = {isa = PBXFileReference; fileEncoding = 4; lastKnownFileType = sourcecode.c.h; path = bb_header.h; sourceTree = "<group>"; };
		32B1BDE31840F58900FFC32D /* queue.cpp */ = {isa = PBXFileReference; fileEncoding = 4; lastKnownFileType = sourcecode.cpp.cpp; path = queue.cpp; sourceTree = "<group>"; };
		32B1BDE41840F58900FFC32D /* queue.h */ = {isa = PBXFileReference; fileEncoding = 4; lastKnownFileType = sourcecode.c.h; path = queue.h; sourceTree = "<group>"; };
		32B1BDE71840F59400FFC32D /* rscode.cpp */ = {isa = PBXFileReference; fileEncoding = 4; lastKnownFileType = sourcecode.cpp.cpp; path = rscode.cpp; sourceTree = "<group>"; };
		32B1BDE81840F59400FFC32D /* rscode.h */ = {isa = PBXFileReference; fileEncoding = 4; lastKnownFileType = sourcecode.c.h; path = rscode.h; sourceTree = "<group>"; };
		32CA4F630368D1EE00C91783 /* WaveTrans_Prefix.pch */ = {isa = PBXFileReference; fileEncoding = 4; lastKnownFileType = sourcecode.c.h; path = WaveTrans_Prefix.pch; sourceTree = "<group>"; };
		32CECB011845003A00772F34 /* libsqlite3.0.dylib */ = {isa = PBXFileReference; lastKnownFileType = "compiled.mach-o.dylib"; name = libsqlite3.0.dylib; path = usr/lib/libsqlite3.0.dylib; sourceTree = SDKROOT; };
		3F4E4F81184355D5006D7205 /* FMDatabase.h */ = {isa = PBXFileReference; fileEncoding = 4; lastKnownFileType = sourcecode.c.h; path = FMDatabase.h; sourceTree = "<group>"; };
		3F4E4F82184355D5006D7205 /* FMDatabase.m */ = {isa = PBXFileReference; fileEncoding = 4; lastKnownFileType = sourcecode.c.objc; path = FMDatabase.m; sourceTree = "<group>"; };
		3F4E4F83184355D5006D7205 /* FMDatabaseAdditions.h */ = {isa = PBXFileReference; fileEncoding = 4; lastKnownFileType = sourcecode.c.h; path = FMDatabaseAdditions.h; sourceTree = "<group>"; };
		3F4E4F84184355D5006D7205 /* FMDatabaseAdditions.m */ = {isa = PBXFileReference; fileEncoding = 4; lastKnownFileType = sourcecode.c.objc; path = FMDatabaseAdditions.m; sourceTree = "<group>"; };
		3F4E4F85184355D5006D7205 /* FMDatabasePool.h */ = {isa = PBXFileReference; fileEncoding = 4; lastKnownFileType = sourcecode.c.h; path = FMDatabasePool.h; sourceTree = "<group>"; };
		3F4E4F86184355D5006D7205 /* FMDatabasePool.m */ = {isa = PBXFileReference; fileEncoding = 4; lastKnownFileType = sourcecode.c.objc; path = FMDatabasePool.m; sourceTree = "<group>"; };
		3F4E4F87184355D5006D7205 /* FMDatabaseQueue.h */ = {isa = PBXFileReference; fileEncoding = 4; lastKnownFileType = sourcecode.c.h; path = FMDatabaseQueue.h; sourceTree = "<group>"; };
		3F4E4F88184355D5006D7205 /* FMDatabaseQueue.m */ = {isa = PBXFileReference; fileEncoding = 4; lastKnownFileType = sourcecode.c.objc; path = FMDatabaseQueue.m; sourceTree = "<group>"; };
		3F4E4F89184355D5006D7205 /* fmdb.m */ = {isa = PBXFileReference; fileEncoding = 4; lastKnownFileType = sourcecode.c.objc; path = fmdb.m; sourceTree = "<group>"; };
		3F4E4F8A184355D5006D7205 /* FMResultSet.h */ = {isa = PBXFileReference; fileEncoding = 4; lastKnownFileType = sourcecode.c.h; path = FMResultSet.h; sourceTree = "<group>"; };
		3F4E4F8B184355D5006D7205 /* FMResultSet.m */ = {isa = PBXFileReference; fileEncoding = 4; lastKnownFileType = sourcecode.c.objc; path = FMResultSet.m; sourceTree = "<group>"; };
		3F4E4F92184355EE006D7205 /* libsqlite3.dylib */ = {isa = PBXFileReference; lastKnownFileType = "compiled.mach-o.dylib"; name = libsqlite3.dylib; path = usr/lib/libsqlite3.dylib; sourceTree = SDKROOT; };
		3F4E4F94184360AD006D7205 /* Database.h */ = {isa = PBXFileReference; fileEncoding = 4; lastKnownFileType = sourcecode.c.h; path = Database.h; sourceTree = "<group>"; };
		3F4E4F95184360AD006D7205 /* Database.m */ = {isa = PBXFileReference; fileEncoding = 4; lastKnownFileType = sourcecode.c.objc; path = Database.m; sourceTree = "<group>"; };
		3F4E4F9718436439006D7205 /* WaveTransModel.h */ = {isa = PBXFileReference; fileEncoding = 4; lastKnownFileType = sourcecode.c.h; path = WaveTransModel.h; sourceTree = "<group>"; };
		3F4E4F9818436439006D7205 /* WaveTransModel.m */ = {isa = PBXFileReference; fileEncoding = 4; lastKnownFileType = sourcecode.c.objc; path = WaveTransModel.m; sourceTree = "<group>"; };
		3F4E4F9B18449341006D7205 /* DDHTextView.h */ = {isa = PBXFileReference; fileEncoding = 4; lastKnownFileType = sourcecode.c.h; path = DDHTextView.h; sourceTree = "<group>"; };
		3F4E4F9C18449341006D7205 /* DDHTextView.m */ = {isa = PBXFileReference; fileEncoding = 4; lastKnownFileType = sourcecode.c.objc; path = DDHTextView.m; sourceTree = "<group>"; };
		3F4E4FA0184493EA006D7205 /* TextEditorViewController.h */ = {isa = PBXFileReference; fileEncoding = 4; lastKnownFileType = sourcecode.c.h; path = TextEditorViewController.h; sourceTree = "<group>"; };
		3F4E4FA1184493EA006D7205 /* TextEditorViewController.m */ = {isa = PBXFileReference; fileEncoding = 4; lastKnownFileType = sourcecode.c.objc; path = TextEditorViewController.m; sourceTree = "<group>"; };
		3F4E4FAE18460F8D006D7205 /* TextViewController.h */ = {isa = PBXFileReference; fileEncoding = 4; lastKnownFileType = sourcecode.c.h; path = TextViewController.h; sourceTree = "<group>"; };
		3F4E4FAF18460F8D006D7205 /* TextViewController.m */ = {isa = PBXFileReference; fileEncoding = 4; lastKnownFileType = sourcecode.c.objc; path = TextViewController.m; sourceTree = "<group>"; };
		3F4E5000184614C2006D7205 /* html */ = {isa = PBXFileReference; lastKnownFileType = folder; path = html; sourceTree = SOURCE_ROOT; };
		3F6E5C65184EC9FB004FB1E1 /* VdiskSDK.xcodeproj */ = {isa = PBXFileReference; lastKnownFileType = "wrapper.pb-project"; name = VdiskSDK.xcodeproj; path = Classes/VdiskSDK/VdiskSDK.xcodeproj; sourceTree = "<group>"; };
		3F6E5C72184EDE9F004FB1E1 /* Security.framework */ = {isa = PBXFileReference; lastKnownFileType = wrapper.framework; name = Security.framework; path = System/Library/Frameworks/Security.framework; sourceTree = SDKROOT; };
		3FA696991843247C00B6FFDE /* Images.xcassets */ = {isa = PBXFileReference; lastKnownFileType = folder.assetcatalog; name = Images.xcassets; path = WaveTrans/Images.xcassets; sourceTree = SOURCE_ROOT; };
		3FA6969C1843296D00B6FFDE /* AssetsLibrary.framework */ = {isa = PBXFileReference; lastKnownFileType = wrapper.framework; name = AssetsLibrary.framework; path = System/Library/Frameworks/AssetsLibrary.framework; sourceTree = SDKROOT; };
		3FC75CF1184302A6006C84F5 /* Info.plist */ = {isa = PBXFileReference; fileEncoding = 4; lastKnownFileType = text.plist.xml; path = Info.plist; sourceTree = SOURCE_ROOT; };
		3FC75CF4184302B0006C84F5 /* Default-568h@2x.png */ = {isa = PBXFileReference; lastKnownFileType = image.png; path = "Default-568h@2x.png"; sourceTree = "<group>"; };
		3FC75CF5184302B0006C84F5 /* icon.png */ = {isa = PBXFileReference; lastKnownFileType = image.png; path = icon.png; sourceTree = "<group>"; };
		3FC75CFD18431DB0006C84F5 /* FileExt.plist */ = {isa = PBXFileReference; fileEncoding = 4; lastKnownFileType = text.plist.xml; path = FileExt.plist; sourceTree = SOURCE_ROOT; };
		8250CD55145B601A00806437 /* CABitOperations.h */ = {isa = PBXFileReference; fileEncoding = 4; lastKnownFileType = sourcecode.c.h; path = CABitOperations.h; sourceTree = "<group>"; };
		8250CD56145B602D00806437 /* Accelerate.framework */ = {isa = PBXFileReference; lastKnownFileType = wrapper.framework; name = Accelerate.framework; path = System/Library/Frameworks/Accelerate.framework; sourceTree = SDKROOT; };
		A10A0C070DEDDFD000E5A482 /* SpectrumAnalysis.cpp */ = {isa = PBXFileReference; fileEncoding = 4; lastKnownFileType = sourcecode.cpp.cpp; path = SpectrumAnalysis.cpp; sourceTree = "<group>"; };
		A10A0C080DEDDFD000E5A482 /* SpectrumAnalysis.h */ = {isa = PBXFileReference; fileEncoding = 4; lastKnownFileType = sourcecode.c.h; path = SpectrumAnalysis.h; sourceTree = "<group>"; };
		A10A0C0D0DEDE20700E5A482 /* FFTBufferManager.h */ = {isa = PBXFileReference; fileEncoding = 4; lastKnownFileType = sourcecode.c.h; path = FFTBufferManager.h; sourceTree = "<group>"; };
		A10A0C0E0DEDE20700E5A482 /* FFTBufferManager.cpp */ = {isa = PBXFileReference; fileEncoding = 4; lastKnownFileType = sourcecode.cpp.cpp; path = FFTBufferManager.cpp; sourceTree = "<group>"; };
		A16C46DC0DE37EC400F4A0B3 /* EAGLView.m */ = {isa = PBXFileReference; fileEncoding = 4; lastKnownFileType = sourcecode.c.objc; path = EAGLView.m; sourceTree = SOURCE_ROOT; };
		A16C46DD0DE37EC400F4A0B3 /* EAGLView.h */ = {isa = PBXFileReference; fileEncoding = 4; lastKnownFileType = sourcecode.c.h; path = EAGLView.h; sourceTree = SOURCE_ROOT; };
		A16C47110DE37F9E00F4A0B3 /* OpenGLES.framework */ = {isa = PBXFileReference; lastKnownFileType = wrapper.framework; name = OpenGLES.framework; path = System/Library/Frameworks/OpenGLES.framework; sourceTree = SDKROOT; };
		A16C473E0DE3801700F4A0B3 /* QuartzCore.framework */ = {isa = PBXFileReference; lastKnownFileType = wrapper.framework; name = QuartzCore.framework; path = System/Library/Frameworks/QuartzCore.framework; sourceTree = SDKROOT; };
		ADB16D19183E322C00115067 /* CFNetwork.framework */ = {isa = PBXFileReference; lastKnownFileType = wrapper.framework; name = CFNetwork.framework; path = System/Library/Frameworks/CFNetwork.framework; sourceTree = SDKROOT; };
		ADB16D1B183E337900115067 /* SystemConfiguration.framework */ = {isa = PBXFileReference; lastKnownFileType = wrapper.framework; name = SystemConfiguration.framework; path = System/Library/Frameworks/SystemConfiguration.framework; sourceTree = SDKROOT; };
		ADB16D1D183E338600115067 /* MobileCoreServices.framework */ = {isa = PBXFileReference; lastKnownFileType = wrapper.framework; name = MobileCoreServices.framework; path = System/Library/Frameworks/MobileCoreServices.framework; sourceTree = SDKROOT; };
		ADB16D1F183E33AB00115067 /* libz.dylib */ = {isa = PBXFileReference; lastKnownFileType = "compiled.mach-o.dylib"; name = libz.dylib; path = usr/lib/libz.dylib; sourceTree = SDKROOT; };
		ADB16D21183F0BAA00115067 /* WaveTransMetadata.h */ = {isa = PBXFileReference; fileEncoding = 4; lastKnownFileType = sourcecode.c.h; path = WaveTransMetadata.h; sourceTree = "<group>"; };
		ADB16D22183F0BAA00115067 /* WaveTransMetadata.mm */ = {isa = PBXFileReference; fileEncoding = 4; lastKnownFileType = sourcecode.cpp.objcpp; path = WaveTransMetadata.mm; sourceTree = "<group>"; };
		ADB84CCF1845C6D80021D9FF /* MediaPlayer.framework */ = {isa = PBXFileReference; lastKnownFileType = wrapper.framework; name = MediaPlayer.framework; path = System/Library/Frameworks/MediaPlayer.framework; sourceTree = SDKROOT; };
		ADBE4A2C18432EF700B8E6A3 /* MBProgressHUD.h */ = {isa = PBXFileReference; fileEncoding = 4; lastKnownFileType = sourcecode.c.h; path = MBProgressHUD.h; sourceTree = "<group>"; };
		ADBE4A2D18432EF700B8E6A3 /* MBProgressHUD.m */ = {isa = PBXFileReference; fileEncoding = 4; lastKnownFileType = sourcecode.c.objc; path = MBProgressHUD.m; sourceTree = "<group>"; };
		ADF1D0D8183F47FE000BF5B5 /* RootViewController.h */ = {isa = PBXFileReference; fileEncoding = 4; lastKnownFileType = sourcecode.c.h; path = RootViewController.h; sourceTree = "<group>"; };
		ADF1D0D9183F47FE000BF5B5 /* RootViewController.mm */ = {isa = PBXFileReference; fileEncoding = 4; lastKnownFileType = sourcecode.cpp.objcpp; path = RootViewController.mm; sourceTree = "<group>"; };
		ADF1D0DC183F58BE000BF5B5 /* PCMRender.h */ = {isa = PBXFileReference; fileEncoding = 4; lastKnownFileType = sourcecode.c.h; path = PCMRender.h; sourceTree = "<group>"; };
		ADF1D0DD183F58BE000BF5B5 /* PCMRender.m */ = {isa = PBXFileReference; fileEncoding = 4; lastKnownFileType = sourcecode.c.objc; path = PCMRender.m; sourceTree = "<group>"; };
		ADF1D0DE183F58BE000BF5B5 /* ViewController.h */ = {isa = PBXFileReference; fileEncoding = 4; lastKnownFileType = sourcecode.c.h; path = ViewController.h; sourceTree = "<group>"; };
		ADF1D0DF183F58BE000BF5B5 /* ViewController.m */ = {isa = PBXFileReference; fileEncoding = 4; lastKnownFileType = sourcecode.c.objc; path = ViewController.m; sourceTree = "<group>"; };
		ADF1D0E2183F5B16000BF5B5 /* AVFoundation.framework */ = {isa = PBXFileReference; lastKnownFileType = wrapper.framework; name = AVFoundation.framework; path = System/Library/Frameworks/AVFoundation.framework; sourceTree = SDKROOT; };
		C140F03518449F7100083B9B /* EGOImageLoadConnection.h */ = {isa = PBXFileReference; fileEncoding = 4; lastKnownFileType = sourcecode.c.h; path = EGOImageLoadConnection.h; sourceTree = "<group>"; };
		C140F03618449F7100083B9B /* EGOImageLoadConnection.m */ = {isa = PBXFileReference; fileEncoding = 4; lastKnownFileType = sourcecode.c.objc; path = EGOImageLoadConnection.m; sourceTree = "<group>"; };
		C140F03718449F7100083B9B /* EGOImageLoader.h */ = {isa = PBXFileReference; fileEncoding = 4; lastKnownFileType = sourcecode.c.h; path = EGOImageLoader.h; sourceTree = "<group>"; };
		C140F03818449F7100083B9B /* EGOImageLoader.m */ = {isa = PBXFileReference; fileEncoding = 4; lastKnownFileType = sourcecode.c.objc; path = EGOImageLoader.m; sourceTree = "<group>"; };
		C140F03A18449F7100083B9B /* EGOImageView.h */ = {isa = PBXFileReference; fileEncoding = 4; lastKnownFileType = sourcecode.c.h; path = EGOImageView.h; sourceTree = "<group>"; };
		C140F03B18449F7100083B9B /* EGOImageView.m */ = {isa = PBXFileReference; fileEncoding = 4; lastKnownFileType = sourcecode.c.objc; path = EGOImageView.m; sourceTree = "<group>"; };
		C140F03F1844A21400083B9B /* EGOCache.h */ = {isa = PBXFileReference; fileEncoding = 4; lastKnownFileType = sourcecode.c.h; path = EGOCache.h; sourceTree = "<group>"; };
		C140F0401844A21400083B9B /* EGOCache.m */ = {isa = PBXFileReference; fileEncoding = 4; lastKnownFileType = sourcecode.c.objc; path = EGOCache.m; sourceTree = "<group>"; };
		C140F04A1844C71000083B9B /* quotes_l.png */ = {isa = PBXFileReference; lastKnownFileType = image.png; path = quotes_l.png; sourceTree = "<group>"; };
		C140F04B1844C71000083B9B /* quotes_l@2x.png */ = {isa = PBXFileReference; lastKnownFileType = image.png; path = "quotes_l@2x.png"; sourceTree = "<group>"; };
		C140F04C1844C71000083B9B /* quotes_r.png */ = {isa = PBXFileReference; lastKnownFileType = image.png; path = quotes_r.png; sourceTree = "<group>"; };
		C140F04D1844C71000083B9B /* quotes_r@2x.png */ = {isa = PBXFileReference; lastKnownFileType = image.png; path = "quotes_r@2x.png"; sourceTree = "<group>"; };
		C140F0521845907100083B9B /* UIImage+UIImageScale.h */ = {isa = PBXFileReference; fileEncoding = 4; lastKnownFileType = sourcecode.c.h; path = "UIImage+UIImageScale.h"; sourceTree = "<group>"; };
		C140F0531845907100083B9B /* UIImage+UIImageScale.m */ = {isa = PBXFileReference; fileEncoding = 4; lastKnownFileType = sourcecode.c.objc; path = "UIImage+UIImageScale.m"; sourceTree = "<group>"; };
		C15BAFB318444D6900690D74 /* MainViewController.h */ = {isa = PBXFileReference; fileEncoding = 4; lastKnownFileType = sourcecode.c.h; path = MainViewController.h; sourceTree = "<group>"; };
		C15BAFB418444D6900690D74 /* MainViewController.mm */ = {isa = PBXFileReference; fileEncoding = 4; lastKnownFileType = sourcecode.cpp.objcpp; path = MainViewController.mm; sourceTree = "<group>"; };
		C15BAFB718444E0C00690D74 /* AudioCell.xib */ = {isa = PBXFileReference; fileEncoding = 4; lastKnownFileType = file.xib; path = AudioCell.xib; sourceTree = "<group>"; };
		C15BAFB818444E0C00690D74 /* BinaryCell.xib */ = {isa = PBXFileReference; fileEncoding = 4; lastKnownFileType = file.xib; path = BinaryCell.xib; sourceTree = "<group>"; };
		C15BAFB918444E0C00690D74 /* MainTableViewCell.h */ = {isa = PBXFileReference; fileEncoding = 4; lastKnownFileType = sourcecode.c.h; path = MainTableViewCell.h; sourceTree = "<group>"; };
		C15BAFBA18444E0C00690D74 /* MainTableViewCell.m */ = {isa = PBXFileReference; fileEncoding = 4; lastKnownFileType = sourcecode.c.objc; path = MainTableViewCell.m; sourceTree = "<group>"; };
		C15BAFBC18444E0C00690D74 /* MSCMoreOptionTableViewCell.h */ = {isa = PBXFileReference; fileEncoding = 4; lastKnownFileType = sourcecode.c.h; path = MSCMoreOptionTableViewCell.h; sourceTree = "<group>"; };
		C15BAFBD18444E0C00690D74 /* MSCMoreOptionTableViewCell.m */ = {isa = PBXFileReference; fileEncoding = 4; lastKnownFileType = sourcecode.c.objc; path = MSCMoreOptionTableViewCell.m; sourceTree = "<group>"; };
		C15BAFBE18444E0C00690D74 /* PhotoCell.xib */ = {isa = PBXFileReference; fileEncoding = 4; lastKnownFileType = file.xib; path = PhotoCell.xib; sourceTree = "<group>"; };
		C15BAFBF18444E0C00690D74 /* TableViewCellFactory.h */ = {isa = PBXFileReference; fileEncoding = 4; lastKnownFileType = sourcecode.c.h; path = TableViewCellFactory.h; sourceTree = "<group>"; };
		C15BAFC018444E0C00690D74 /* TableViewCellFactory.m */ = {isa = PBXFileReference; fileEncoding = 4; lastKnownFileType = sourcecode.c.objc; path = TableViewCellFactory.m; sourceTree = "<group>"; };
		C15BAFC118444E0C00690D74 /* TextCell.xib */ = {isa = PBXFileReference; fileEncoding = 4; lastKnownFileType = file.xib; path = TextCell.xib; sourceTree = "<group>"; };
		C15BAFC218444E0C00690D74 /* VideoCell.xib */ = {isa = PBXFileReference; fileEncoding = 4; lastKnownFileType = file.xib; path = VideoCell.xib; sourceTree = "<group>"; };
		C15BAFE718444F0900690D74 /* AudioCell.h */ = {isa = PBXFileReference; fileEncoding = 4; lastKnownFileType = sourcecode.c.h; path = AudioCell.h; sourceTree = "<group>"; };
		C15BAFE818444F0900690D74 /* AudioCell.m */ = {isa = PBXFileReference; fileEncoding = 4; lastKnownFileType = sourcecode.c.objc; path = AudioCell.m; sourceTree = "<group>"; };
		C15BAFEA18444F3B00690D74 /* VideoCell.h */ = {isa = PBXFileReference; fileEncoding = 4; lastKnownFileType = sourcecode.c.h; path = VideoCell.h; sourceTree = "<group>"; };
		C15BAFEB18444F3B00690D74 /* VideoCell.m */ = {isa = PBXFileReference; fileEncoding = 4; lastKnownFileType = sourcecode.c.objc; path = VideoCell.m; sourceTree = "<group>"; };
		C15BAFED18444F5100690D74 /* TextCell.h */ = {isa = PBXFileReference; fileEncoding = 4; lastKnownFileType = sourcecode.c.h; path = TextCell.h; sourceTree = "<group>"; };
		C15BAFEE18444F5100690D74 /* TextCell.m */ = {isa = PBXFileReference; fileEncoding = 4; lastKnownFileType = sourcecode.c.objc; path = TextCell.m; sourceTree = "<group>"; };
		C15BAFF018444F6900690D74 /* PhotoCell.h */ = {isa = PBXFileReference; fileEncoding = 4; lastKnownFileType = sourcecode.c.h; path = PhotoCell.h; sourceTree = "<group>"; };
		C15BAFF118444F6900690D74 /* PhotoCell.m */ = {isa = PBXFileReference; fileEncoding = 4; lastKnownFileType = sourcecode.c.objc; path = PhotoCell.m; sourceTree = "<group>"; };
		C15BAFF318444F7A00690D74 /* BinaryCell.h */ = {isa = PBXFileReference; fileEncoding = 4; lastKnownFileType = sourcecode.c.h; path = BinaryCell.h; sourceTree = "<group>"; };
		C15BAFF418444F7A00690D74 /* BinaryCell.m */ = {isa = PBXFileReference; fileEncoding = 4; lastKnownFileType = sourcecode.c.objc; path = BinaryCell.m; sourceTree = "<group>"; };
		C15BAFF61844599F00690D74 /* play_beep.png */ = {isa = PBXFileReference; lastKnownFileType = image.png; path = play_beep.png; sourceTree = "<group>"; };
		C15BAFF71844599F00690D74 /* play_beep@2x.png */ = {isa = PBXFileReference; lastKnownFileType = image.png; path = "play_beep@2x.png"; sourceTree = "<group>"; };
		C15BAFF81844599F00690D74 /* play_btn.png */ = {isa = PBXFileReference; lastKnownFileType = image.png; path = play_btn.png; sourceTree = "<group>"; };
		C15BAFF91844599F00690D74 /* play_btn@2x.png */ = {isa = PBXFileReference; lastKnownFileType = image.png; path = "play_btn@2x.png"; sourceTree = "<group>"; };
		C15BAFFA1844599F00690D74 /* photo_cell_alpha_cover.png */ = {isa = PBXFileReference; lastKnownFileType = image.png; path = photo_cell_alpha_cover.png; sourceTree = "<group>"; };
		C15BAFFB1844599F00690D74 /* audio_bg.png */ = {isa = PBXFileReference; lastKnownFileType = image.png; path = audio_bg.png; sourceTree = "<group>"; };
		C15BAFFC1844599F00690D74 /* binary_bg.png */ = {isa = PBXFileReference; lastKnownFileType = image.png; path = binary_bg.png; sourceTree = "<group>"; };
		C15BAFFD1844599F00690D74 /* text_bg@2x.png */ = {isa = PBXFileReference; lastKnownFileType = image.png; path = "text_bg@2x.png"; sourceTree = "<group>"; };
		C15BAFFE1844599F00690D74 /* arrow_left@2x.png */ = {isa = PBXFileReference; lastKnownFileType = image.png; path = "arrow_left@2x.png"; sourceTree = "<group>"; };
		C15BAFFF1844599F00690D74 /* arrow_right@2x.png */ = {isa = PBXFileReference; lastKnownFileType = image.png; path = "arrow_right@2x.png"; sourceTree = "<group>"; };
		C15BB0001844599F00690D74 /* tableview_sep_line@2x.png */ = {isa = PBXFileReference; lastKnownFileType = image.png; path = "tableview_sep_line@2x.png"; sourceTree = "<group>"; };
		C15BB0011844599F00690D74 /* tableview_sep_line.png */ = {isa = PBXFileReference; lastKnownFileType = image.png; path = tableview_sep_line.png; sourceTree = "<group>"; };
		C15BB00E1844789C00690D74 /* ContactsCell.h */ = {isa = PBXFileReference; fileEncoding = 4; lastKnownFileType = sourcecode.c.h; path = ContactsCell.h; sourceTree = "<group>"; };
		C15BB00F1844789D00690D74 /* ContactsCell.m */ = {isa = PBXFileReference; fileEncoding = 4; lastKnownFileType = sourcecode.c.objc; path = ContactsCell.m; sourceTree = "<group>"; };
		C15BB011184478B400690D74 /* ContactsCell.xib */ = {isa = PBXFileReference; fileEncoding = 4; lastKnownFileType = file.xib; path = ContactsCell.xib; sourceTree = "<group>"; };
		C15BB01318447A8600690D74 /* WeiboCell.xib */ = {isa = PBXFileReference; fileEncoding = 4; lastKnownFileType = file.xib; path = WeiboCell.xib; sourceTree = "<group>"; };
		C15BB01518447A9000690D74 /* WeiboCell.h */ = {isa = PBXFileReference; fileEncoding = 4; lastKnownFileType = sourcecode.c.h; path = WeiboCell.h; sourceTree = "<group>"; };
		C15BB01618447A9000690D74 /* WeiboCell.m */ = {isa = PBXFileReference; fileEncoding = 4; lastKnownFileType = sourcecode.c.objc; path = WeiboCell.m; sourceTree = "<group>"; };
		C15BB01B184482EE00690D74 /* PureTextCell.h */ = {isa = PBXFileReference; fileEncoding = 4; lastKnownFileType = sourcecode.c.h; path = PureTextCell.h; sourceTree = "<group>"; };
		C15BB01C184482EE00690D74 /* PureTextCell.m */ = {isa = PBXFileReference; fileEncoding = 4; lastKnownFileType = sourcecode.c.objc; path = PureTextCell.m; sourceTree = "<group>"; };
		C15BB01E184482FD00690D74 /* PureTextCell.xib */ = {isa = PBXFileReference; fileEncoding = 4; lastKnownFileType = file.xib; path = PureTextCell.xib; sourceTree = "<group>"; };
		C1618EA61846EA5600C7413D /* sent_btn.png */ = {isa = PBXFileReference; lastKnownFileType = image.png; path = sent_btn.png; sourceTree = "<group>"; };
		C1618EA71846EA5600C7413D /* sent_btn@2x.png */ = {isa = PBXFileReference; lastKnownFileType = image.png; path = "sent_btn@2x.png"; sourceTree = "<group>"; };
		C1618EAA184715C000C7413D /* error.wav */ = {isa = PBXFileReference; lastKnownFileType = audio.wav; path = error.wav; sourceTree = "<group>"; };
		C1618EAB184715C000C7413D /* success_1.wav */ = {isa = PBXFileReference; lastKnownFileType = audio.wav; path = success_1.wav; sourceTree = "<group>"; };
		C1618EAE18486BED00C7413D /* play_beep_disable.png */ = {isa = PBXFileReference; lastKnownFileType = image.png; path = play_beep_disable.png; sourceTree = "<group>"; };
		C1618EAF18486BED00C7413D /* play_beep_disable@2x.png */ = {isa = PBXFileReference; lastKnownFileType = image.png; path = "play_beep_disable@2x.png"; sourceTree = "<group>"; };
		F712EAAE0DF0FEAF003F7B58 /* aurio_helper.cpp */ = {isa = PBXFileReference; fileEncoding = 4; lastKnownFileType = sourcecode.cpp.cpp; path = aurio_helper.cpp; sourceTree = "<group>"; };
		F712EAAF0DF0FEAF003F7B58 /* aurio_helper.h */ = {isa = PBXFileReference; fileEncoding = 4; lastKnownFileType = sourcecode.c.h; path = aurio_helper.h; sourceTree = "<group>"; };
		F74ADD0F0DDA24AA0046BEC2 /* CADebugMacros.cpp */ = {isa = PBXFileReference; fileEncoding = 4; lastKnownFileType = sourcecode.cpp.cpp; path = CADebugMacros.cpp; sourceTree = "<group>"; };
		F74ADD100DDA24AA0046BEC2 /* CADebugMacros.h */ = {isa = PBXFileReference; fileEncoding = 4; lastKnownFileType = sourcecode.c.h; path = CADebugMacros.h; sourceTree = "<group>"; };
		F74ADD120DDA24AA0046BEC2 /* CAMath.h */ = {isa = PBXFileReference; fileEncoding = 4; lastKnownFileType = sourcecode.c.h; path = CAMath.h; sourceTree = "<group>"; };
		F74ADD150DDA24AA0046BEC2 /* CAStreamBasicDescription.cpp */ = {isa = PBXFileReference; fileEncoding = 4; lastKnownFileType = sourcecode.cpp.cpp; path = CAStreamBasicDescription.cpp; sourceTree = "<group>"; };
		F74ADD160DDA24AA0046BEC2 /* CAStreamBasicDescription.h */ = {isa = PBXFileReference; fileEncoding = 4; lastKnownFileType = sourcecode.c.h; path = CAStreamBasicDescription.h; sourceTree = "<group>"; };
		F74ADD170DDA24AA0046BEC2 /* CAXException.cpp */ = {isa = PBXFileReference; fileEncoding = 4; lastKnownFileType = sourcecode.cpp.cpp; path = CAXException.cpp; sourceTree = "<group>"; };
		F74ADD180DDA24AA0046BEC2 /* CAXException.h */ = {isa = PBXFileReference; fileEncoding = 4; lastKnownFileType = sourcecode.c.h; path = CAXException.h; sourceTree = "<group>"; };
		F7E58ED90DCFD988006C4A2F /* AudioToolbox.framework */ = {isa = PBXFileReference; lastKnownFileType = wrapper.framework; name = AudioToolbox.framework; path = System/Library/Frameworks/AudioToolbox.framework; sourceTree = SDKROOT; };
/* End PBXFileReference section */

/* Begin PBXFrameworksBuildPhase section */
		1D60588F0D05DD3D006BFB54 /* Frameworks */ = {
			isa = PBXFrameworksBuildPhase;
			buildActionMask = 2147483647;
			files = (
				3F6E5C73184EDE9F004FB1E1 /* Security.framework in Frameworks */,
				3F6E5C70184ECAEB004FB1E1 /* libVdiskSDK-iOS.a in Frameworks */,
				ADB84CD01845C6D80021D9FF /* MediaPlayer.framework in Frameworks */,
				32CECB021845003A00772F34 /* libsqlite3.0.dylib in Frameworks */,
				3FA6969D1843296D00B6FFDE /* AssetsLibrary.framework in Frameworks */,
				ADF1D0E3183F5B16000BF5B5 /* AVFoundation.framework in Frameworks */,
				ADB16D20183E33AB00115067 /* libz.dylib in Frameworks */,
				ADB16D1E183E338600115067 /* MobileCoreServices.framework in Frameworks */,
				ADB16D1C183E337900115067 /* SystemConfiguration.framework in Frameworks */,
				ADB16D1A183E322C00115067 /* CFNetwork.framework in Frameworks */,
				8250CD57145B602D00806437 /* Accelerate.framework in Frameworks */,
				1D60589F0D05DD5A006BFB54 /* Foundation.framework in Frameworks */,
				1DF5F4E00D08C38300B7A737 /* UIKit.framework in Frameworks */,
				1D3623EC0D0F72F000981E51 /* CoreGraphics.framework in Frameworks */,
				F7E58EDA0DCFD988006C4A2F /* AudioToolbox.framework in Frameworks */,
				A16C47120DE37F9E00F4A0B3 /* OpenGLES.framework in Frameworks */,
				A16C473F0DE3801700F4A0B3 /* QuartzCore.framework in Frameworks */,
			);
			runOnlyForDeploymentPostprocessing = 0;
		};
/* End PBXFrameworksBuildPhase section */

/* Begin PBXGroup section */
		080E96DDFE201D6D7F000001 /* Classes */ = {
			isa = PBXGroup;
			children = (
				C140F0661845D6E700083B9B /* Controller */,
				3F4E4F9B18449341006D7205 /* DDHTextView.h */,
				3F4E4F9C18449341006D7205 /* DDHTextView.m */,
				C15BAFB618444E0C00690D74 /* view */,
				3F4E4F80184355D5006D7205 /* FMDB */,
				ADBE4A2B18432EF700B8E6A3 /* MBProgressHUD */,
				3F4E4F9718436439006D7205 /* WaveTransModel.h */,
				3F4E4F9818436439006D7205 /* WaveTransModel.m */,
				3F4E4F94184360AD006D7205 /* Database.h */,
				3F4E4F95184360AD006D7205 /* Database.m */,
				ADF1D0DB183F58BE000BF5B5 /* PlayPCM */,
				A16C46DD0DE37EC400F4A0B3 /* EAGLView.h */,
				A16C46DC0DE37EC400F4A0B3 /* EAGLView.m */,
				A10A0C0D0DEDE20700E5A482 /* FFTBufferManager.h */,
				A10A0C0E0DEDE20700E5A482 /* FFTBufferManager.cpp */,
				1D3623240D0F684500981E51 /* AppDelegate.h */,
				1D3623250D0F684500981E51 /* AppDelegate.mm */,
				ADB16D21183F0BAA00115067 /* WaveTransMetadata.h */,
				ADB16D22183F0BAA00115067 /* WaveTransMetadata.mm */,
				ADF1D0D8183F47FE000BF5B5 /* RootViewController.h */,
				ADF1D0D9183F47FE000BF5B5 /* RootViewController.mm */,
				C15BAFB318444D6900690D74 /* MainViewController.h */,
				C15BAFB418444D6900690D74 /* MainViewController.mm */,
				3F4E4FA0184493EA006D7205 /* TextEditorViewController.h */,
				3F4E4FA1184493EA006D7205 /* TextEditorViewController.m */,
				3F4E4FAE18460F8D006D7205 /* TextViewController.h */,
				3F4E4FAF18460F8D006D7205 /* TextViewController.m */,
			);
			path = Classes;
			sourceTree = "<group>";
		};
		19C28FACFE9D520D11CA2CBB /* Products */ = {
			isa = PBXGroup;
			children = (
				1D6058910D05DD3D006BFB54 /* WaveTrans.app */,
			);
			name = Products;
			sourceTree = "<group>";
		};
		29B97314FDCFA39411CA2CEA /* CustomTemplate */ = {
			isa = PBXGroup;
			children = (
				080E96DDFE201D6D7F000001 /* Classes */,
				29B97315FDCFA39411CA2CEA /* Other Sources */,
				29B97317FDCFA39411CA2CEA /* Resources */,
				29B97323FDCFA39411CA2CEA /* Frameworks */,
				19C28FACFE9D520D11CA2CBB /* Products */,
			);
			name = CustomTemplate;
			sourceTree = "<group>";
		};
		29B97315FDCFA39411CA2CEA /* Other Sources */ = {
			isa = PBXGroup;
			children = (
				32B1BDE61840F59400FFC32D /* rscode */,
				32B1BDE21840F58900FFC32D /* queue */,
				32B1BDDD1840F57A00FFC32D /* freq_util */,
				32B1BDD21840F55900FFC32D /* kiss_fft */,
				A10A0BFE0DEDDFD000E5A482 /* fft */,
				F74ADD0E0DDA24AA0046BEC2 /* iPublicUtility */,
				F712EAAF0DF0FEAF003F7B58 /* aurio_helper.h */,
				F712EAAE0DF0FEAF003F7B58 /* aurio_helper.cpp */,
				32CA4F630368D1EE00C91783 /* WaveTrans_Prefix.pch */,
				29B97316FDCFA39411CA2CEA /* main.mm */,
			);
			name = "Other Sources";
			sourceTree = "<group>";
		};
		29B97317FDCFA39411CA2CEA /* Resources */ = {
			isa = PBXGroup;
			children = (
				3F4E5000184614C2006D7205 /* html */,
				3FA696991843247C00B6FFDE /* Images.xcassets */,
				3FC75CFD18431DB0006C84F5 /* FileExt.plist */,
				3FC75CF3184302B0006C84F5 /* Images */,
				3FC75CF1184302A6006C84F5 /* Info.plist */,
			);
			path = Resources;
			sourceTree = "<group>";
		};
		29B97323FDCFA39411CA2CEA /* Frameworks */ = {
			isa = PBXGroup;
			children = (
				3F6E5C72184EDE9F004FB1E1 /* Security.framework */,
				3F6E5C65184EC9FB004FB1E1 /* VdiskSDK.xcodeproj */,
				ADB84CCF1845C6D80021D9FF /* MediaPlayer.framework */,
				32CECB011845003A00772F34 /* libsqlite3.0.dylib */,
				3F4E4F92184355EE006D7205 /* libsqlite3.dylib */,
				3FA6969C1843296D00B6FFDE /* AssetsLibrary.framework */,
				ADF1D0E2183F5B16000BF5B5 /* AVFoundation.framework */,
				ADB16D1F183E33AB00115067 /* libz.dylib */,
				ADB16D1D183E338600115067 /* MobileCoreServices.framework */,
				ADB16D1B183E337900115067 /* SystemConfiguration.framework */,
				ADB16D19183E322C00115067 /* CFNetwork.framework */,
				8250CD56145B602D00806437 /* Accelerate.framework */,
				A16C473E0DE3801700F4A0B3 /* QuartzCore.framework */,
				A16C47110DE37F9E00F4A0B3 /* OpenGLES.framework */,
				F7E58ED90DCFD988006C4A2F /* AudioToolbox.framework */,
				1D3623EB0D0F72F000981E51 /* CoreGraphics.framework */,
				1DF5F4DF0D08C38300B7A737 /* UIKit.framework */,
				1D30AB110D05D00D00671497 /* Foundation.framework */,
			);
			name = Frameworks;
			sourceTree = "<group>";
		};
		32B1BDD21840F55900FFC32D /* kiss_fft */ = {
			isa = PBXGroup;
			children = (
				32B1BDD31840F55900FFC32D /* _kiss_fft_guts.h */,
				32B1BDD41840F55900FFC32D /* kiss_fastfir.c */,
				32B1BDD51840F55900FFC32D /* kiss_fastfir.h */,
				32B1BDD61840F55900FFC32D /* kiss_fft.c */,
				32B1BDD71840F55900FFC32D /* kiss_fft.h */,
				32B1BDD81840F55900FFC32D /* kiss_fftr.c */,
				32B1BDD91840F55900FFC32D /* kiss_fftr.h */,
			);
			path = kiss_fft;
			sourceTree = "<group>";
		};
		32B1BDDD1840F57A00FFC32D /* freq_util */ = {
			isa = PBXGroup;
			children = (
				32B1BDDE1840F57A00FFC32D /* bb_freq_util.cpp */,
				32B1BDDF1840F57A00FFC32D /* bb_freq_util.h */,
				32B1BDE01840F57A00FFC32D /* bb_header.h */,
			);
			path = freq_util;
			sourceTree = "<group>";
		};
		32B1BDE21840F58900FFC32D /* queue */ = {
			isa = PBXGroup;
			children = (
				32B1BDE31840F58900FFC32D /* queue.cpp */,
				32B1BDE41840F58900FFC32D /* queue.h */,
			);
			path = queue;
			sourceTree = "<group>";
		};
		32B1BDE61840F59400FFC32D /* rscode */ = {
			isa = PBXGroup;
			children = (
				32B1BDE71840F59400FFC32D /* rscode.cpp */,
				32B1BDE81840F59400FFC32D /* rscode.h */,
			);
			path = rscode;
			sourceTree = "<group>";
		};
		3F4E4F80184355D5006D7205 /* FMDB */ = {
			isa = PBXGroup;
			children = (
				3F4E4F81184355D5006D7205 /* FMDatabase.h */,
				3F4E4F82184355D5006D7205 /* FMDatabase.m */,
				3F4E4F83184355D5006D7205 /* FMDatabaseAdditions.h */,
				3F4E4F84184355D5006D7205 /* FMDatabaseAdditions.m */,
				3F4E4F85184355D5006D7205 /* FMDatabasePool.h */,
				3F4E4F86184355D5006D7205 /* FMDatabasePool.m */,
				3F4E4F87184355D5006D7205 /* FMDatabaseQueue.h */,
				3F4E4F88184355D5006D7205 /* FMDatabaseQueue.m */,
				3F4E4F89184355D5006D7205 /* fmdb.m */,
				3F4E4F8A184355D5006D7205 /* FMResultSet.h */,
				3F4E4F8B184355D5006D7205 /* FMResultSet.m */,
			);
			path = FMDB;
			sourceTree = "<group>";
		};
		3F6E5C6B184ECAC4004FB1E1 /* Products */ = {
			isa = PBXGroup;
			children = (
				3F6E5C6F184ECAC4004FB1E1 /* libVdiskSDK-iOS.a */,
			);
			name = Products;
			sourceTree = "<group>";
		};
		3FC75CEE1842F462006C84F5 /* unused */ = {
			isa = PBXGroup;
			children = (
				ADF1D0DE183F58BE000BF5B5 /* ViewController.h */,
				ADF1D0DF183F58BE000BF5B5 /* ViewController.m */,
			);
			name = unused;
			sourceTree = "<group>";
		};
		3FC75CF3184302B0006C84F5 /* Images */ = {
			isa = PBXGroup;
			children = (
				C1618EAA184715C000C7413D /* error.wav */,
				C1618EAB184715C000C7413D /* success_1.wav */,
				C1618EA61846EA5600C7413D /* sent_btn.png */,
				C1618EA71846EA5600C7413D /* sent_btn@2x.png */,
				3210489318464A8B00371D8B /* top_gb.png */,
				3210489418464A8B00371D8B /* top_gb@2x.png */,
				C140F04A1844C71000083B9B /* quotes_l.png */,
				C1618EAE18486BED00C7413D /* play_beep_disable.png */,
				C1618EAF18486BED00C7413D /* play_beep_disable@2x.png */,
				C140F04B1844C71000083B9B /* quotes_l@2x.png */,
				C140F04C1844C71000083B9B /* quotes_r.png */,
				C140F04D1844C71000083B9B /* quotes_r@2x.png */,
				3FC75CF5184302B0006C84F5 /* icon.png */,
				3FC75CF4184302B0006C84F5 /* Default-568h@2x.png */,
				C15BAFF61844599F00690D74 /* play_beep.png */,
				C15BAFF71844599F00690D74 /* play_beep@2x.png */,
				C15BAFF81844599F00690D74 /* play_btn.png */,
				C15BAFF91844599F00690D74 /* play_btn@2x.png */,
				C15BAFFA1844599F00690D74 /* photo_cell_alpha_cover.png */,
				C15BAFFB1844599F00690D74 /* audio_bg.png */,
				C15BAFFC1844599F00690D74 /* binary_bg.png */,
				C15BAFFD1844599F00690D74 /* text_bg@2x.png */,
				C15BAFFE1844599F00690D74 /* arrow_left@2x.png */,
				C15BAFFF1844599F00690D74 /* arrow_right@2x.png */,
				C15BB0001844599F00690D74 /* tableview_sep_line@2x.png */,
				C15BB0011844599F00690D74 /* tableview_sep_line.png */,
			);
			path = Images;
			sourceTree = SOURCE_ROOT;
		};
		A10A0BFE0DEDDFD000E5A482 /* fft */ = {
			isa = PBXGroup;
			children = (
				0765F5870DF0DC28006468E4 /* rad2fft.h */,
				0765F5860DF0DC28006468E4 /* rad2fft.c */,
				A10A0C080DEDDFD000E5A482 /* SpectrumAnalysis.h */,
				A10A0C070DEDDFD000E5A482 /* SpectrumAnalysis.cpp */,
			);
			path = fft;
			sourceTree = "<group>";
		};
		ADBE4A2B18432EF700B8E6A3 /* MBProgressHUD */ = {
			isa = PBXGroup;
			children = (
				ADBE4A2C18432EF700B8E6A3 /* MBProgressHUD.h */,
				ADBE4A2D18432EF700B8E6A3 /* MBProgressHUD.m */,
			);
			path = MBProgressHUD;
			sourceTree = "<group>";
		};
		ADF1D0DB183F58BE000BF5B5 /* PlayPCM */ = {
			isa = PBXGroup;
			children = (
				3FC75CEE1842F462006C84F5 /* unused */,
				ADF1D0DC183F58BE000BF5B5 /* PCMRender.h */,
				ADF1D0DD183F58BE000BF5B5 /* PCMRender.m */,
			);
			path = PlayPCM;
			sourceTree = "<group>";
		};
		C140F03218449F7100083B9B /* EGOImageView */ = {
			isa = PBXGroup;
			children = (
				C140F0521845907100083B9B /* UIImage+UIImageScale.h */,
				C140F0531845907100083B9B /* UIImage+UIImageScale.m */,
				C140F03318449F7100083B9B /* EGOCache */,
				C140F03418449F7100083B9B /* EGOImageLoader */,
				C140F03918449F7100083B9B /* EGOImageView */,
			);
			path = EGOImageView;
			sourceTree = "<group>";
		};
		C140F03318449F7100083B9B /* EGOCache */ = {
			isa = PBXGroup;
			children = (
				C140F03F1844A21400083B9B /* EGOCache.h */,
				C140F0401844A21400083B9B /* EGOCache.m */,
			);
			path = EGOCache;
			sourceTree = "<group>";
		};
		C140F03418449F7100083B9B /* EGOImageLoader */ = {
			isa = PBXGroup;
			children = (
				C140F03518449F7100083B9B /* EGOImageLoadConnection.h */,
				C140F03618449F7100083B9B /* EGOImageLoadConnection.m */,
				C140F03718449F7100083B9B /* EGOImageLoader.h */,
				C140F03818449F7100083B9B /* EGOImageLoader.m */,
			);
			path = EGOImageLoader;
			sourceTree = "<group>";
		};
		C140F03918449F7100083B9B /* EGOImageView */ = {
			isa = PBXGroup;
			children = (
				C140F03A18449F7100083B9B /* EGOImageView.h */,
				C140F03B18449F7100083B9B /* EGOImageView.m */,
			);
			path = EGOImageView;
			sourceTree = "<group>";
		};
		C140F0661845D6E700083B9B /* Controller */ = {
			isa = PBXGroup;
			children = (
			);
			path = Controller;
			sourceTree = "<group>";
		};
		C15BAFB618444E0C00690D74 /* view */ = {
			isa = PBXGroup;
			children = (
				C140F03218449F7100083B9B /* EGOImageView */,
				C15BAFBF18444E0C00690D74 /* TableViewCellFactory.h */,
				C15BAFC018444E0C00690D74 /* TableViewCellFactory.m */,
				C15BAFBB18444E0C00690D74 /* MSCMoreOptionTableViewCell */,
				C15BAFB918444E0C00690D74 /* MainTableViewCell.h */,
				C15BAFBA18444E0C00690D74 /* MainTableViewCell.m */,
				C15BAFF318444F7A00690D74 /* BinaryCell.h */,
				C15BAFF418444F7A00690D74 /* BinaryCell.m */,
				C15BAFB818444E0C00690D74 /* BinaryCell.xib */,
				C15BAFF018444F6900690D74 /* PhotoCell.h */,
				C15BAFF118444F6900690D74 /* PhotoCell.m */,
				C15BAFBE18444E0C00690D74 /* PhotoCell.xib */,
				C15BAFED18444F5100690D74 /* TextCell.h */,
				C15BAFEE18444F5100690D74 /* TextCell.m */,
				C15BAFC118444E0C00690D74 /* TextCell.xib */,
				C15BAFEA18444F3B00690D74 /* VideoCell.h */,
				C15BAFEB18444F3B00690D74 /* VideoCell.m */,
				C15BAFC218444E0C00690D74 /* VideoCell.xib */,
				C15BAFE718444F0900690D74 /* AudioCell.h */,
				C15BAFE818444F0900690D74 /* AudioCell.m */,
				C15BAFB718444E0C00690D74 /* AudioCell.xib */,
				C15BB00E1844789C00690D74 /* ContactsCell.h */,
				C15BB00F1844789D00690D74 /* ContactsCell.m */,
				C15BB011184478B400690D74 /* ContactsCell.xib */,
				C15BB01518447A9000690D74 /* WeiboCell.h */,
				C15BB01618447A9000690D74 /* WeiboCell.m */,
				C15BB01318447A8600690D74 /* WeiboCell.xib */,
				C15BB01B184482EE00690D74 /* PureTextCell.h */,
				C15BB01C184482EE00690D74 /* PureTextCell.m */,
				C15BB01E184482FD00690D74 /* PureTextCell.xib */,
			);
			path = view;
			sourceTree = "<group>";
		};
		C15BAFBB18444E0C00690D74 /* MSCMoreOptionTableViewCell */ = {
			isa = PBXGroup;
			children = (
				C15BAFBC18444E0C00690D74 /* MSCMoreOptionTableViewCell.h */,
				C15BAFBD18444E0C00690D74 /* MSCMoreOptionTableViewCell.m */,
			);
			path = MSCMoreOptionTableViewCell;
			sourceTree = "<group>";
		};
		F74ADD0E0DDA24AA0046BEC2 /* iPublicUtility */ = {
			isa = PBXGroup;
			children = (
				8250CD55145B601A00806437 /* CABitOperations.h */,
				F74ADD100DDA24AA0046BEC2 /* CADebugMacros.h */,
				F74ADD0F0DDA24AA0046BEC2 /* CADebugMacros.cpp */,
				F74ADD180DDA24AA0046BEC2 /* CAXException.h */,
				F74ADD170DDA24AA0046BEC2 /* CAXException.cpp */,
				F74ADD120DDA24AA0046BEC2 /* CAMath.h */,
				F74ADD160DDA24AA0046BEC2 /* CAStreamBasicDescription.h */,
				F74ADD150DDA24AA0046BEC2 /* CAStreamBasicDescription.cpp */,
			);
			path = iPublicUtility;
			sourceTree = "<group>";
		};
/* End PBXGroup section */

/* Begin PBXNativeTarget section */
		1D6058900D05DD3D006BFB54 /* WaveTrans */ = {
			isa = PBXNativeTarget;
			buildConfigurationList = 1D6058960D05DD3E006BFB54 /* Build configuration list for PBXNativeTarget "WaveTrans" */;
			buildPhases = (
				1D60588D0D05DD3D006BFB54 /* Resources */,
				1D60588E0D05DD3D006BFB54 /* Sources */,
				1D60588F0D05DD3D006BFB54 /* Frameworks */,
			);
			buildRules = (
			);
			dependencies = (
			);
			name = WaveTrans;
			productName = aurioTouch;
			productReference = 1D6058910D05DD3D006BFB54 /* WaveTrans.app */;
			productType = "com.apple.product-type.application";
		};
/* End PBXNativeTarget section */

/* Begin PBXProject section */
		29B97313FDCFA39411CA2CEA /* Project object */ = {
			isa = PBXProject;
			attributes = {
				LastUpgradeCheck = 0500;
			};
			buildConfigurationList = C01FCF4E08A954540054247B /* Build configuration list for PBXProject "WaveTrans" */;
			compatibilityVersion = "Xcode 3.2";
			developmentRegion = English;
			hasScannedForEncodings = 1;
			knownRegions = (
				English,
				Japanese,
				French,
				German,
				en,
			);
			mainGroup = 29B97314FDCFA39411CA2CEA /* CustomTemplate */;
			projectDirPath = "";
			projectReferences = (
				{
					ProductGroup = 3F6E5C6B184ECAC4004FB1E1 /* Products */;
					ProjectRef = 3F6E5C65184EC9FB004FB1E1 /* VdiskSDK.xcodeproj */;
				},
			);
			projectRoot = "";
			targets = (
				1D6058900D05DD3D006BFB54 /* WaveTrans */,
			);
		};
/* End PBXProject section */

/* Begin PBXReferenceProxy section */
		3F6E5C6F184ECAC4004FB1E1 /* libVdiskSDK-iOS.a */ = {
			isa = PBXReferenceProxy;
			fileType = archive.ar;
			path = "libVdiskSDK-iOS.a";
			remoteRef = 3F6E5C6E184ECAC4004FB1E1 /* PBXContainerItemProxy */;
			sourceTree = BUILT_PRODUCTS_DIR;
		};
/* End PBXReferenceProxy section */

/* Begin PBXResourcesBuildPhase section */
		1D60588D0D05DD3D006BFB54 /* Resources */ = {
			isa = PBXResourcesBuildPhase;
			buildActionMask = 2147483647;
			files = (
				3210489518464A8B00371D8B /* top_gb.png in Resources */,
				3FA6969B184324C000B6FFDE /* FileExt.plist in Resources */,
				C15BB0051844599F00690D74 /* play_btn@2x.png in Resources */,
				C15BB012184478B400690D74 /* ContactsCell.xib in Resources */,
				3FA6969A1843247C00B6FFDE /* Images.xcassets in Resources */,
				C140F0501844C71000083B9B /* quotes_r.png in Resources */,
				C15BAFC918444E0C00690D74 /* TextCell.xib in Resources */,
				C15BB01418447A8600690D74 /* WeiboCell.xib in Resources */,
				C15BB0071844599F00690D74 /* audio_bg.png in Resources */,
				C15BAFCA18444E0C00690D74 /* VideoCell.xib in Resources */,
				C1618EA91846EA5600C7413D /* sent_btn@2x.png in Resources */,
				C15BB00D1844599F00690D74 /* tableview_sep_line.png in Resources */,
				C15BB0041844599F00690D74 /* play_btn.png in Resources */,
				C15BB01F184482FD00690D74 /* PureTextCell.xib in Resources */,
				3210489618464A8B00371D8B /* top_gb@2x.png in Resources */,
				C15BB00A1844599F00690D74 /* arrow_left@2x.png in Resources */,
				C15BB0091844599F00690D74 /* text_bg@2x.png in Resources */,
				C1618EAC184715C000C7413D /* error.wav in Resources */,
				C15BAFC418444E0C00690D74 /* BinaryCell.xib in Resources */,
				C1618EB118486BEE00C7413D /* play_beep_disable@2x.png in Resources */,
				C140F04F1844C71000083B9B /* quotes_l@2x.png in Resources */,
				C1618EB018486BED00C7413D /* play_beep_disable.png in Resources */,
				C15BB00B1844599F00690D74 /* arrow_right@2x.png in Resources */,
				C15BAFC318444E0C00690D74 /* AudioCell.xib in Resources */,
				C140F0511844C71000083B9B /* quotes_r@2x.png in Resources */,
				C1618EAD184715C000C7413D /* success_1.wav in Resources */,
				3FC75CF6184302B0006C84F5 /* Default-568h@2x.png in Resources */,
				3F4E5001184614C2006D7205 /* html in Resources */,
				C15BB0021844599F00690D74 /* play_beep.png in Resources */,
				3FC75CF7184302B0006C84F5 /* icon.png in Resources */,
				C15BB0061844599F00690D74 /* photo_cell_alpha_cover.png in Resources */,
				C15BB0081844599F00690D74 /* binary_bg.png in Resources */,
				C15BB0031844599F00690D74 /* play_beep@2x.png in Resources */,
				C1618EA81846EA5600C7413D /* sent_btn.png in Resources */,
				C140F04E1844C71000083B9B /* quotes_l.png in Resources */,
				C15BAFC718444E0C00690D74 /* PhotoCell.xib in Resources */,
				C15BB00C1844599F00690D74 /* tableview_sep_line@2x.png in Resources */,
			);
			runOnlyForDeploymentPostprocessing = 0;
		};
/* End PBXResourcesBuildPhase section */

/* Begin PBXSourcesBuildPhase section */
		1D60588E0D05DD3D006BFB54 /* Sources */ = {
			isa = PBXSourcesBuildPhase;
			buildActionMask = 2147483647;
			files = (
				C140F0411844A21400083B9B /* EGOCache.m in Sources */,
				C140F03E18449F7100083B9B /* EGOImageView.m in Sources */,
				32B1BDDA1840F55900FFC32D /* kiss_fastfir.c in Sources */,
				1D60589B0D05DD56006BFB54 /* main.mm in Sources */,
				3F4E4F8C184355D5006D7205 /* FMDatabase.m in Sources */,
				C15BB0101844789D00690D74 /* ContactsCell.m in Sources */,
				32B1BDDC1840F55900FFC32D /* kiss_fftr.c in Sources */,
				3F4E4F8D184355D5006D7205 /* FMDatabaseAdditions.m in Sources */,
				C140F03D18449F7100083B9B /* EGOImageLoader.m in Sources */,
				ADF1D0E0183F58BE000BF5B5 /* PCMRender.m in Sources */,
				1D3623260D0F684500981E51 /* AppDelegate.mm in Sources */,
				C15BAFF518444F7A00690D74 /* BinaryCell.m in Sources */,
				3F4E4FB018460F8D006D7205 /* TextViewController.m in Sources */,
				C15BAFC818444E0C00690D74 /* TableViewCellFactory.m in Sources */,
				C15BAFEC18444F3B00690D74 /* VideoCell.m in Sources */,
				3F4E4F9918436439006D7205 /* WaveTransModel.m in Sources */,
				3F4E4F96184360AD006D7205 /* Database.m in Sources */,
				ADF1D0DA183F47FE000BF5B5 /* RootViewController.mm in Sources */,
				F74ADD190DDA24AA0046BEC2 /* CADebugMacros.cpp in Sources */,
				3F4E4FA2184493EA006D7205 /* TextEditorViewController.m in Sources */,
				3F4E4F9D18449341006D7205 /* DDHTextView.m in Sources */,
				ADB16D23183F0BAA00115067 /* WaveTransMetadata.mm in Sources */,
				3F4E4F8F184355D5006D7205 /* FMDatabaseQueue.m in Sources */,
				C15BAFC618444E0C00690D74 /* MSCMoreOptionTableViewCell.m in Sources */,
				C15BB01D184482EE00690D74 /* PureTextCell.m in Sources */,
				C15BAFF218444F6900690D74 /* PhotoCell.m in Sources */,
				F74ADD1B0DDA24AA0046BEC2 /* CAStreamBasicDescription.cpp in Sources */,
				3F4E4F8E184355D5006D7205 /* FMDatabasePool.m in Sources */,
				3F4E4FA31844BDEC006D7205 /* MainViewController.mm in Sources */,
				F74ADD1C0DDA24AA0046BEC2 /* CAXException.cpp in Sources */,
				C140F03C18449F7100083B9B /* EGOImageLoadConnection.m in Sources */,
				C140F0541845907100083B9B /* UIImage+UIImageScale.m in Sources */,
				32B1BDDB1840F55900FFC32D /* kiss_fft.c in Sources */,
				A16C46DE0DE37EC400F4A0B3 /* EAGLView.m in Sources */,
				A10A0C0F0DEDE20700E5A482 /* FFTBufferManager.cpp in Sources */,
				32B1BDE11840F57A00FFC32D /* bb_freq_util.cpp in Sources */,
				C15BAFC518444E0C00690D74 /* MainTableViewCell.m in Sources */,
				ADBE4A2E18432EF700B8E6A3 /* MBProgressHUD.m in Sources */,
				F712EAB00DF0FEAF003F7B58 /* aurio_helper.cpp in Sources */,
				32B1BDE91840F59400FFC32D /* rscode.cpp in Sources */,
				C15BAFEF18444F5100690D74 /* TextCell.m in Sources */,
				3F4E4F91184355D5006D7205 /* FMResultSet.m in Sources */,
				C15BAFE918444F0900690D74 /* AudioCell.m in Sources */,
				32B1BDE51840F58900FFC32D /* queue.cpp in Sources */,
				C15BB01718447A9000690D74 /* WeiboCell.m in Sources */,
			);
			runOnlyForDeploymentPostprocessing = 0;
		};
/* End PBXSourcesBuildPhase section */

/* Begin XCBuildConfiguration section */
		1D6058940D05DD3E006BFB54 /* Debug */ = {
			isa = XCBuildConfiguration;
			buildSettings = {
				ASSETCATALOG_COMPILER_APPICON_NAME = AppIcon;
				ASSETCATALOG_COMPILER_LAUNCHIMAGE_NAME = LaunchImage;
				COPY_PHASE_STRIP = NO;
				GCC_DYNAMIC_NO_PIC = NO;
				GCC_OPTIMIZATION_LEVEL = 0;
				GCC_PRECOMPILE_PREFIX_HEADER = YES;
				GCC_PREFIX_HEADER = WaveTrans_Prefix.pch;
				INFOPLIST_FILE = Info.plist;
				IPHONEOS_DEPLOYMENT_TARGET = 6.1;
				PRODUCT_NAME = WaveTrans;
				PROVISIONING_PROFILE = "13D85C09-EF1B-47BC-807C-32F87C7BB5C4";
			};
			name = Debug;
		};
		1D6058950D05DD3E006BFB54 /* Release */ = {
			isa = XCBuildConfiguration;
			buildSettings = {
				ASSETCATALOG_COMPILER_APPICON_NAME = AppIcon;
				ASSETCATALOG_COMPILER_LAUNCHIMAGE_NAME = LaunchImage;
				CODE_SIGN_IDENTITY = "iPhone Distribution: Sina.Com Technology (China) Co., Ltd.";
				COPY_PHASE_STRIP = YES;
				GCC_PRECOMPILE_PREFIX_HEADER = YES;
				GCC_PREFIX_HEADER = WaveTrans_Prefix.pch;
				INFOPLIST_FILE = Info.plist;
				IPHONEOS_DEPLOYMENT_TARGET = 6.1;
				PRODUCT_NAME = WaveTrans;
			};
			name = Release;
		};
		C01FCF4F08A954540054247B /* Debug */ = {
			isa = XCBuildConfiguration;
			buildSettings = {
				CODE_SIGN_IDENTITY = "iPhone Developer: Bruce Chen (KKYLDFR684)";
				GCC_C_LANGUAGE_STANDARD = c99;
				GCC_OPTIMIZATION_LEVEL = 0;
				GCC_THUMB_SUPPORT = NO;
				GCC_WARN_ABOUT_RETURN_TYPE = YES;
				GCC_WARN_UNUSED_VARIABLE = YES;
				HEADER_SEARCH_PATHS = (
					"$(inherited)",
					/Applications/Xcode.app/Contents/Developer/Toolchains/XcodeDefault.xctoolchain/usr/include,
					"$(SRCROOT)/Classes/VdiskSDK/VdiskSDK/**",
				);
				LIBRARY_SEARCH_PATHS = (
					"$(inherited)",
					"$(SRCROOT)",
				);
				ONLY_ACTIVE_ARCH = YES;
				OTHER_LDFLAGS = "-all_load";
				PROVISIONING_PROFILE = "B04D3B55-C164-4FAF-B582-F7D94F403D99";
				SDKROOT = iphoneos;
			};
			name = Debug;
		};
		C01FCF5008A954540054247B /* Release */ = {
			isa = XCBuildConfiguration;
			buildSettings = {
				GCC_C_LANGUAGE_STANDARD = c99;
				GCC_THUMB_SUPPORT = NO;
				GCC_WARN_ABOUT_RETURN_TYPE = YES;
				GCC_WARN_UNUSED_VARIABLE = YES;
				HEADER_SEARCH_PATHS = (
					"$(inherited)",
					/Applications/Xcode.app/Contents/Developer/Toolchains/XcodeDefault.xctoolchain/usr/include,
					"$(SRCROOT)/Classes/VdiskSDK/VdiskSDK/**",
				);
				LIBRARY_SEARCH_PATHS = (
					"$(inherited)",
					"$(SRCROOT)",
				);
				OTHER_LDFLAGS = "-all_load";
				SDKROOT = iphoneos;
			};
			name = Release;
		};
/* End XCBuildConfiguration section */

/* Begin XCConfigurationList section */
		1D6058960D05DD3E006BFB54 /* Build configuration list for PBXNativeTarget "WaveTrans" */ = {
			isa = XCConfigurationList;
			buildConfigurations = (
				1D6058940D05DD3E006BFB54 /* Debug */,
				1D6058950D05DD3E006BFB54 /* Release */,
			);
			defaultConfigurationIsVisible = 0;
			defaultConfigurationName = Release;
		};
		C01FCF4E08A954540054247B /* Build configuration list for PBXProject "WaveTrans" */ = {
			isa = XCConfigurationList;
			buildConfigurations = (
				C01FCF4F08A954540054247B /* Debug */,
				C01FCF5008A954540054247B /* Release */,
			);
			defaultConfigurationIsVisible = 0;
			defaultConfigurationName = Release;
		};
/* End XCConfigurationList section */
	};
	rootObject = 29B97313FDCFA39411CA2CEA /* Project object */;
}
