// !$*UTF8*$!
{
	archiveVersion = 1;
	classes = {
	};
	objectVersion = 46;
	objects = {

/* Begin PBXBuildFile section */
		1D3623260D0F684500981E51 /* AppDelegate.mm in Sources */ = {isa = PBXBuildFile; fileRef = 1D3623250D0F684500981E51 /* AppDelegate.mm */; };
		1D3623EC0D0F72F000981E51 /* CoreGraphics.framework in Frameworks */ = {isa = PBXBuildFile; fileRef = 1D3623EB0D0F72F000981E51 /* CoreGraphics.framework */; };
		1D60589B0D05DD56006BFB54 /* main.mm in Sources */ = {isa = PBXBuildFile; fileRef = 29B97316FDCFA39411CA2CEA /* main.mm */; };
		1D60589F0D05DD5A006BFB54 /* Foundation.framework in Frameworks */ = {isa = PBXBuildFile; fileRef = 1D30AB110D05D00D00671497 /* Foundation.framework */; };
		1DF5F4E00D08C38300B7A737 /* UIKit.framework in Frameworks */ = {isa = PBXBuildFile; fileRef = 1DF5F4DF0D08C38300B7A737 /* UIKit.framework */; };
		32B1BDDA1840F55900FFC32D /* kiss_fastfir.c in Sources */ = {isa = PBXBuildFile; fileRef = 32B1BDD41840F55900FFC32D /* kiss_fastfir.c */; };
		32B1BDDB1840F55900FFC32D /* kiss_fft.c in Sources */ = {isa = PBXBuildFile; fileRef = 32B1BDD61840F55900FFC32D /* kiss_fft.c */; };
		32B1BDDC1840F55900FFC32D /* kiss_fftr.c in Sources */ = {isa = PBXBuildFile; fileRef = 32B1BDD81840F55900FFC32D /* kiss_fftr.c */; };
		32B1BDE11840F57A00FFC32D /* bb_freq_util.cpp in Sources */ = {isa = PBXBuildFile; fileRef = 32B1BDDE1840F57A00FFC32D /* bb_freq_util.cpp */; };
		32B1BDE51840F58900FFC32D /* queue.cpp in Sources */ = {isa = PBXBuildFile; fileRef = 32B1BDE31840F58900FFC32D /* queue.cpp */; };
		32B1BDE91840F59400FFC32D /* rscode.cpp in Sources */ = {isa = PBXBuildFile; fileRef = 32B1BDE71840F59400FFC32D /* rscode.cpp */; };
		3FA69698184323DF00B6FFDE /* VdiskBase64.m in Sources */ = {isa = PBXBuildFile; fileRef = 3FA69696184323DF00B6FFDE /* VdiskBase64.m */; };
		3FA6969A1843247C00B6FFDE /* Images.xcassets in Resources */ = {isa = PBXBuildFile; fileRef = 3FA696991843247C00B6FFDE /* Images.xcassets */; };
		3FA6969B184324C000B6FFDE /* FileExt.plist in Resources */ = {isa = PBXBuildFile; fileRef = 3FC75CFD18431DB0006C84F5 /* FileExt.plist */; };
		3FA6969D1843296D00B6FFDE /* AssetsLibrary.framework in Frameworks */ = {isa = PBXBuildFile; fileRef = 3FA6969C1843296D00B6FFDE /* AssetsLibrary.framework */; };
		3FC75CED1842F3E6006C84F5 /* ASIAuthenticationDialog.m in Sources */ = {isa = PBXBuildFile; fileRef = ADB16CFB183E31FE00115067 /* ASIAuthenticationDialog.m */; };
		3FC75CF6184302B0006C84F5 /* Default-568h@2x.png in Resources */ = {isa = PBXBuildFile; fileRef = 3FC75CF4184302B0006C84F5 /* Default-568h@2x.png */; };
		3FC75CF7184302B0006C84F5 /* icon.png in Resources */ = {isa = PBXBuildFile; fileRef = 3FC75CF5184302B0006C84F5 /* icon.png */; };
		3FC75D011843236D006C84F5 /* VdiskUtil.m in Sources */ = {isa = PBXBuildFile; fileRef = 3FC75D001843236D006C84F5 /* VdiskUtil.m */; };
		8250CD57145B602D00806437 /* Accelerate.framework in Frameworks */ = {isa = PBXBuildFile; fileRef = 8250CD56145B602D00806437 /* Accelerate.framework */; };
		A10A0C0F0DEDE20700E5A482 /* FFTBufferManager.cpp in Sources */ = {isa = PBXBuildFile; fileRef = A10A0C0E0DEDE20700E5A482 /* FFTBufferManager.cpp */; };
		A16C46DE0DE37EC400F4A0B3 /* EAGLView.m in Sources */ = {isa = PBXBuildFile; fileRef = A16C46DC0DE37EC400F4A0B3 /* EAGLView.m */; };
		A16C47120DE37F9E00F4A0B3 /* OpenGLES.framework in Frameworks */ = {isa = PBXBuildFile; fileRef = A16C47110DE37F9E00F4A0B3 /* OpenGLES.framework */; };
		A16C473F0DE3801700F4A0B3 /* QuartzCore.framework in Frameworks */ = {isa = PBXBuildFile; fileRef = A16C473E0DE3801700F4A0B3 /* QuartzCore.framework */; };
		ADB16D11183E31FE00115067 /* ASIDataCompressor.m in Sources */ = {isa = PBXBuildFile; fileRef = ADB16CFE183E31FE00115067 /* ASIDataCompressor.m */; };
		ADB16D12183E31FE00115067 /* ASIDataDecompressor.m in Sources */ = {isa = PBXBuildFile; fileRef = ADB16D00183E31FE00115067 /* ASIDataDecompressor.m */; };
		ADB16D13183E31FE00115067 /* ASIDownloadCache.m in Sources */ = {isa = PBXBuildFile; fileRef = ADB16D02183E31FE00115067 /* ASIDownloadCache.m */; };
		ADB16D14183E31FE00115067 /* ASIFormDataRequest.m in Sources */ = {isa = PBXBuildFile; fileRef = ADB16D04183E31FE00115067 /* ASIFormDataRequest.m */; };
		ADB16D15183E31FE00115067 /* ASIHTTPRequest.m in Sources */ = {isa = PBXBuildFile; fileRef = ADB16D06183E31FE00115067 /* ASIHTTPRequest.m */; };
		ADB16D16183E31FE00115067 /* ASIInputStream.m in Sources */ = {isa = PBXBuildFile; fileRef = ADB16D0A183E31FE00115067 /* ASIInputStream.m */; };
		ADB16D17183E31FE00115067 /* ASINetworkQueue.m in Sources */ = {isa = PBXBuildFile; fileRef = ADB16D0C183E31FE00115067 /* ASINetworkQueue.m */; };
		ADB16D18183E31FE00115067 /* Reachability.m in Sources */ = {isa = PBXBuildFile; fileRef = ADB16D0F183E31FE00115067 /* Reachability.m */; };
		ADB16D1A183E322C00115067 /* CFNetwork.framework in Frameworks */ = {isa = PBXBuildFile; fileRef = ADB16D19183E322C00115067 /* CFNetwork.framework */; };
		ADB16D1C183E337900115067 /* SystemConfiguration.framework in Frameworks */ = {isa = PBXBuildFile; fileRef = ADB16D1B183E337900115067 /* SystemConfiguration.framework */; };
		ADB16D1E183E338600115067 /* MobileCoreServices.framework in Frameworks */ = {isa = PBXBuildFile; fileRef = ADB16D1D183E338600115067 /* MobileCoreServices.framework */; };
		ADB16D20183E33AB00115067 /* libz.dylib in Frameworks */ = {isa = PBXBuildFile; fileRef = ADB16D1F183E33AB00115067 /* libz.dylib */; };
		ADB16D23183F0BAA00115067 /* MetadataReceive.m in Sources */ = {isa = PBXBuildFile; fileRef = ADB16D22183F0BAA00115067 /* MetadataReceive.m */; };
		ADB16D32183F115200115067 /* NSObject+VdiskJSON.m in Sources */ = {isa = PBXBuildFile; fileRef = ADB16D27183F115200115067 /* NSObject+VdiskJSON.m */; };
		ADB16D33183F115200115067 /* NSString+VdiskJSON.m in Sources */ = {isa = PBXBuildFile; fileRef = ADB16D29183F115200115067 /* NSString+VdiskJSON.m */; };
		ADB16D34183F115200115067 /* VdiskJSON.m in Sources */ = {isa = PBXBuildFile; fileRef = ADB16D2B183F115200115067 /* VdiskJSON.m */; };
		ADB16D35183F115200115067 /* VdiskJsonBase.m in Sources */ = {isa = PBXBuildFile; fileRef = ADB16D2D183F115200115067 /* VdiskJsonBase.m */; };
		ADB16D36183F115200115067 /* VdiskJsonParser.m in Sources */ = {isa = PBXBuildFile; fileRef = ADB16D2F183F115200115067 /* VdiskJsonParser.m */; };
		ADB16D37183F115200115067 /* VdiskJsonWriter.m in Sources */ = {isa = PBXBuildFile; fileRef = ADB16D31183F115200115067 /* VdiskJsonWriter.m */; };
		ADF1D0DA183F47FE000BF5B5 /* RootViewController.mm in Sources */ = {isa = PBXBuildFile; fileRef = ADF1D0D9183F47FE000BF5B5 /* RootViewController.mm */; };
		ADF1D0E0183F58BE000BF5B5 /* PCMRender.m in Sources */ = {isa = PBXBuildFile; fileRef = ADF1D0DD183F58BE000BF5B5 /* PCMRender.m */; };
		ADF1D0E3183F5B16000BF5B5 /* AVFoundation.framework in Frameworks */ = {isa = PBXBuildFile; fileRef = ADF1D0E2183F5B16000BF5B5 /* AVFoundation.framework */; };
		F712EAB00DF0FEAF003F7B58 /* aurio_helper.cpp in Sources */ = {isa = PBXBuildFile; fileRef = F712EAAE0DF0FEAF003F7B58 /* aurio_helper.cpp */; };
		F74ADD190DDA24AA0046BEC2 /* CADebugMacros.cpp in Sources */ = {isa = PBXBuildFile; fileRef = F74ADD0F0DDA24AA0046BEC2 /* CADebugMacros.cpp */; };
		F74ADD1B0DDA24AA0046BEC2 /* CAStreamBasicDescription.cpp in Sources */ = {isa = PBXBuildFile; fileRef = F74ADD150DDA24AA0046BEC2 /* CAStreamBasicDescription.cpp */; };
		F74ADD1C0DDA24AA0046BEC2 /* CAXException.cpp in Sources */ = {isa = PBXBuildFile; fileRef = F74ADD170DDA24AA0046BEC2 /* CAXException.cpp */; };
		F7E58EDA0DCFD988006C4A2F /* AudioToolbox.framework in Frameworks */ = {isa = PBXBuildFile; fileRef = F7E58ED90DCFD988006C4A2F /* AudioToolbox.framework */; };
/* End PBXBuildFile section */

/* Begin PBXFileReference section */
		0765F5860DF0DC28006468E4 /* rad2fft.c */ = {isa = PBXFileReference; fileEncoding = 4; lastKnownFileType = sourcecode.c.c; path = rad2fft.c; sourceTree = "<group>"; };
		0765F5870DF0DC28006468E4 /* rad2fft.h */ = {isa = PBXFileReference; fileEncoding = 4; lastKnownFileType = sourcecode.c.h; path = rad2fft.h; sourceTree = "<group>"; };
		1D30AB110D05D00D00671497 /* Foundation.framework */ = {isa = PBXFileReference; lastKnownFileType = wrapper.framework; name = Foundation.framework; path = System/Library/Frameworks/Foundation.framework; sourceTree = SDKROOT; };
		1D3623240D0F684500981E51 /* AppDelegate.h */ = {isa = PBXFileReference; explicitFileType = sourcecode.cpp.h; fileEncoding = 4; path = AppDelegate.h; sourceTree = "<group>"; };
		1D3623250D0F684500981E51 /* AppDelegate.mm */ = {isa = PBXFileReference; fileEncoding = 4; lastKnownFileType = sourcecode.cpp.objcpp; path = AppDelegate.mm; sourceTree = "<group>"; };
		1D3623EB0D0F72F000981E51 /* CoreGraphics.framework */ = {isa = PBXFileReference; lastKnownFileType = wrapper.framework; name = CoreGraphics.framework; path = System/Library/Frameworks/CoreGraphics.framework; sourceTree = SDKROOT; };
		1D6058910D05DD3D006BFB54 /* WaveTrans.app */ = {isa = PBXFileReference; explicitFileType = wrapper.application; includeInIndex = 0; path = WaveTrans.app; sourceTree = BUILT_PRODUCTS_DIR; };
		1DF5F4DF0D08C38300B7A737 /* UIKit.framework */ = {isa = PBXFileReference; lastKnownFileType = wrapper.framework; name = UIKit.framework; path = System/Library/Frameworks/UIKit.framework; sourceTree = SDKROOT; };
		29B97316FDCFA39411CA2CEA /* main.mm */ = {isa = PBXFileReference; fileEncoding = 4; lastKnownFileType = sourcecode.cpp.objcpp; path = main.mm; sourceTree = "<group>"; };
		32B1BDD31840F55900FFC32D /* _kiss_fft_guts.h */ = {isa = PBXFileReference; fileEncoding = 4; lastKnownFileType = sourcecode.c.h; path = _kiss_fft_guts.h; sourceTree = "<group>"; };
		32B1BDD41840F55900FFC32D /* kiss_fastfir.c */ = {isa = PBXFileReference; fileEncoding = 4; lastKnownFileType = sourcecode.c.c; path = kiss_fastfir.c; sourceTree = "<group>"; };
		32B1BDD51840F55900FFC32D /* kiss_fastfir.h */ = {isa = PBXFileReference; fileEncoding = 4; lastKnownFileType = sourcecode.c.h; path = kiss_fastfir.h; sourceTree = "<group>"; };
		32B1BDD61840F55900FFC32D /* kiss_fft.c */ = {isa = PBXFileReference; fileEncoding = 4; lastKnownFileType = sourcecode.c.c; path = kiss_fft.c; sourceTree = "<group>"; };
		32B1BDD71840F55900FFC32D /* kiss_fft.h */ = {isa = PBXFileReference; fileEncoding = 4; lastKnownFileType = sourcecode.c.h; path = kiss_fft.h; sourceTree = "<group>"; };
		32B1BDD81840F55900FFC32D /* kiss_fftr.c */ = {isa = PBXFileReference; fileEncoding = 4; lastKnownFileType = sourcecode.c.c; path = kiss_fftr.c; sourceTree = "<group>"; };
		32B1BDD91840F55900FFC32D /* kiss_fftr.h */ = {isa = PBXFileReference; fileEncoding = 4; lastKnownFileType = sourcecode.c.h; path = kiss_fftr.h; sourceTree = "<group>"; };
		32B1BDDE1840F57A00FFC32D /* bb_freq_util.cpp */ = {isa = PBXFileReference; fileEncoding = 4; lastKnownFileType = sourcecode.cpp.cpp; path = bb_freq_util.cpp; sourceTree = "<group>"; };
		32B1BDDF1840F57A00FFC32D /* bb_freq_util.h */ = {isa = PBXFileReference; fileEncoding = 4; lastKnownFileType = sourcecode.c.h; path = bb_freq_util.h; sourceTree = "<group>"; };
		32B1BDE01840F57A00FFC32D /* bb_header.h */ = {isa = PBXFileReference; fileEncoding = 4; lastKnownFileType = sourcecode.c.h; path = bb_header.h; sourceTree = "<group>"; };
		32B1BDE31840F58900FFC32D /* queue.cpp */ = {isa = PBXFileReference; fileEncoding = 4; lastKnownFileType = sourcecode.cpp.cpp; path = queue.cpp; sourceTree = "<group>"; };
		32B1BDE41840F58900FFC32D /* queue.h */ = {isa = PBXFileReference; fileEncoding = 4; lastKnownFileType = sourcecode.c.h; path = queue.h; sourceTree = "<group>"; };
		32B1BDE71840F59400FFC32D /* rscode.cpp */ = {isa = PBXFileReference; fileEncoding = 4; lastKnownFileType = sourcecode.cpp.cpp; path = rscode.cpp; sourceTree = "<group>"; };
		32B1BDE81840F59400FFC32D /* rscode.h */ = {isa = PBXFileReference; fileEncoding = 4; lastKnownFileType = sourcecode.c.h; path = rscode.h; sourceTree = "<group>"; };
		32CA4F630368D1EE00C91783 /* WaveTrans_Prefix.pch */ = {isa = PBXFileReference; fileEncoding = 4; lastKnownFileType = sourcecode.c.h; path = WaveTrans_Prefix.pch; sourceTree = "<group>"; };
		3FA69695184323DF00B6FFDE /* VdiskBase64.h */ = {isa = PBXFileReference; fileEncoding = 4; lastKnownFileType = sourcecode.c.h; path = VdiskBase64.h; sourceTree = "<group>"; };
		3FA69696184323DF00B6FFDE /* VdiskBase64.m */ = {isa = PBXFileReference; fileEncoding = 4; lastKnownFileType = sourcecode.c.objc; path = VdiskBase64.m; sourceTree = "<group>"; };
		3FA69697184323DF00B6FFDE /* VdiskBase64Defines.h */ = {isa = PBXFileReference; fileEncoding = 4; lastKnownFileType = sourcecode.c.h; path = VdiskBase64Defines.h; sourceTree = "<group>"; };
		3FA696991843247C00B6FFDE /* Images.xcassets */ = {isa = PBXFileReference; lastKnownFileType = folder.assetcatalog; name = Images.xcassets; path = WaveTrans/Images.xcassets; sourceTree = SOURCE_ROOT; };
		3FA6969C1843296D00B6FFDE /* AssetsLibrary.framework */ = {isa = PBXFileReference; lastKnownFileType = wrapper.framework; name = AssetsLibrary.framework; path = System/Library/Frameworks/AssetsLibrary.framework; sourceTree = SDKROOT; };
		3FC75CF1184302A6006C84F5 /* Info.plist */ = {isa = PBXFileReference; fileEncoding = 4; lastKnownFileType = text.plist.xml; path = Info.plist; sourceTree = SOURCE_ROOT; };
		3FC75CF4184302B0006C84F5 /* Default-568h@2x.png */ = {isa = PBXFileReference; lastKnownFileType = image.png; path = "Default-568h@2x.png"; sourceTree = "<group>"; };
		3FC75CF5184302B0006C84F5 /* icon.png */ = {isa = PBXFileReference; lastKnownFileType = image.png; path = icon.png; sourceTree = "<group>"; };
		3FC75CFD18431DB0006C84F5 /* FileExt.plist */ = {isa = PBXFileReference; fileEncoding = 4; lastKnownFileType = text.plist.xml; path = FileExt.plist; sourceTree = SOURCE_ROOT; };
		3FC75CFF1843236D006C84F5 /* VdiskUtil.h */ = {isa = PBXFileReference; fileEncoding = 4; lastKnownFileType = sourcecode.c.h; path = VdiskUtil.h; sourceTree = "<group>"; };
		3FC75D001843236D006C84F5 /* VdiskUtil.m */ = {isa = PBXFileReference; fileEncoding = 4; lastKnownFileType = sourcecode.c.objc; path = VdiskUtil.m; sourceTree = "<group>"; };
		8250CD55145B601A00806437 /* CABitOperations.h */ = {isa = PBXFileReference; fileEncoding = 4; lastKnownFileType = sourcecode.c.h; path = CABitOperations.h; sourceTree = "<group>"; };
		8250CD56145B602D00806437 /* Accelerate.framework */ = {isa = PBXFileReference; lastKnownFileType = wrapper.framework; name = Accelerate.framework; path = System/Library/Frameworks/Accelerate.framework; sourceTree = SDKROOT; };
		A10A0C070DEDDFD000E5A482 /* SpectrumAnalysis.cpp */ = {isa = PBXFileReference; fileEncoding = 4; lastKnownFileType = sourcecode.cpp.cpp; path = SpectrumAnalysis.cpp; sourceTree = "<group>"; };
		A10A0C080DEDDFD000E5A482 /* SpectrumAnalysis.h */ = {isa = PBXFileReference; fileEncoding = 4; lastKnownFileType = sourcecode.c.h; path = SpectrumAnalysis.h; sourceTree = "<group>"; };
		A10A0C0D0DEDE20700E5A482 /* FFTBufferManager.h */ = {isa = PBXFileReference; fileEncoding = 4; lastKnownFileType = sourcecode.c.h; path = FFTBufferManager.h; sourceTree = "<group>"; };
		A10A0C0E0DEDE20700E5A482 /* FFTBufferManager.cpp */ = {isa = PBXFileReference; fileEncoding = 4; lastKnownFileType = sourcecode.cpp.cpp; path = FFTBufferManager.cpp; sourceTree = "<group>"; };
		A16C46DC0DE37EC400F4A0B3 /* EAGLView.m */ = {isa = PBXFileReference; fileEncoding = 4; lastKnownFileType = sourcecode.c.objc; path = EAGLView.m; sourceTree = SOURCE_ROOT; };
		A16C46DD0DE37EC400F4A0B3 /* EAGLView.h */ = {isa = PBXFileReference; fileEncoding = 4; lastKnownFileType = sourcecode.c.h; path = EAGLView.h; sourceTree = SOURCE_ROOT; };
		A16C47110DE37F9E00F4A0B3 /* OpenGLES.framework */ = {isa = PBXFileReference; lastKnownFileType = wrapper.framework; name = OpenGLES.framework; path = System/Library/Frameworks/OpenGLES.framework; sourceTree = SDKROOT; };
		A16C473E0DE3801700F4A0B3 /* QuartzCore.framework */ = {isa = PBXFileReference; lastKnownFileType = wrapper.framework; name = QuartzCore.framework; path = System/Library/Frameworks/QuartzCore.framework; sourceTree = SDKROOT; };
		ADB16CFA183E31FE00115067 /* ASIAuthenticationDialog.h */ = {isa = PBXFileReference; fileEncoding = 4; lastKnownFileType = sourcecode.c.h; path = ASIAuthenticationDialog.h; sourceTree = "<group>"; };
		ADB16CFB183E31FE00115067 /* ASIAuthenticationDialog.m */ = {isa = PBXFileReference; fileEncoding = 4; lastKnownFileType = sourcecode.c.objc; path = ASIAuthenticationDialog.m; sourceTree = "<group>"; };
		ADB16CFC183E31FE00115067 /* ASICacheDelegate.h */ = {isa = PBXFileReference; fileEncoding = 4; lastKnownFileType = sourcecode.c.h; path = ASICacheDelegate.h; sourceTree = "<group>"; };
		ADB16CFD183E31FE00115067 /* ASIDataCompressor.h */ = {isa = PBXFileReference; fileEncoding = 4; lastKnownFileType = sourcecode.c.h; path = ASIDataCompressor.h; sourceTree = "<group>"; };
		ADB16CFE183E31FE00115067 /* ASIDataCompressor.m */ = {isa = PBXFileReference; fileEncoding = 4; lastKnownFileType = sourcecode.c.objc; path = ASIDataCompressor.m; sourceTree = "<group>"; };
		ADB16CFF183E31FE00115067 /* ASIDataDecompressor.h */ = {isa = PBXFileReference; fileEncoding = 4; lastKnownFileType = sourcecode.c.h; path = ASIDataDecompressor.h; sourceTree = "<group>"; };
		ADB16D00183E31FE00115067 /* ASIDataDecompressor.m */ = {isa = PBXFileReference; fileEncoding = 4; lastKnownFileType = sourcecode.c.objc; path = ASIDataDecompressor.m; sourceTree = "<group>"; };
		ADB16D01183E31FE00115067 /* ASIDownloadCache.h */ = {isa = PBXFileReference; fileEncoding = 4; lastKnownFileType = sourcecode.c.h; path = ASIDownloadCache.h; sourceTree = "<group>"; };
		ADB16D02183E31FE00115067 /* ASIDownloadCache.m */ = {isa = PBXFileReference; fileEncoding = 4; lastKnownFileType = sourcecode.c.objc; path = ASIDownloadCache.m; sourceTree = "<group>"; };
		ADB16D03183E31FE00115067 /* ASIFormDataRequest.h */ = {isa = PBXFileReference; fileEncoding = 4; lastKnownFileType = sourcecode.c.h; path = ASIFormDataRequest.h; sourceTree = "<group>"; };
		ADB16D04183E31FE00115067 /* ASIFormDataRequest.m */ = {isa = PBXFileReference; fileEncoding = 4; lastKnownFileType = sourcecode.c.objc; path = ASIFormDataRequest.m; sourceTree = "<group>"; };
		ADB16D05183E31FE00115067 /* ASIHTTPRequest.h */ = {isa = PBXFileReference; fileEncoding = 4; lastKnownFileType = sourcecode.c.h; path = ASIHTTPRequest.h; sourceTree = "<group>"; };
		ADB16D06183E31FE00115067 /* ASIHTTPRequest.m */ = {isa = PBXFileReference; fileEncoding = 4; lastKnownFileType = sourcecode.c.objc; path = ASIHTTPRequest.m; sourceTree = "<group>"; };
		ADB16D07183E31FE00115067 /* ASIHTTPRequestConfig.h */ = {isa = PBXFileReference; fileEncoding = 4; lastKnownFileType = sourcecode.c.h; path = ASIHTTPRequestConfig.h; sourceTree = "<group>"; };
		ADB16D08183E31FE00115067 /* ASIHTTPRequestDelegate.h */ = {isa = PBXFileReference; fileEncoding = 4; lastKnownFileType = sourcecode.c.h; path = ASIHTTPRequestDelegate.h; sourceTree = "<group>"; };
		ADB16D09183E31FE00115067 /* ASIInputStream.h */ = {isa = PBXFileReference; fileEncoding = 4; lastKnownFileType = sourcecode.c.h; path = ASIInputStream.h; sourceTree = "<group>"; };
		ADB16D0A183E31FE00115067 /* ASIInputStream.m */ = {isa = PBXFileReference; fileEncoding = 4; lastKnownFileType = sourcecode.c.objc; path = ASIInputStream.m; sourceTree = "<group>"; };
		ADB16D0B183E31FE00115067 /* ASINetworkQueue.h */ = {isa = PBXFileReference; fileEncoding = 4; lastKnownFileType = sourcecode.c.h; path = ASINetworkQueue.h; sourceTree = "<group>"; };
		ADB16D0C183E31FE00115067 /* ASINetworkQueue.m */ = {isa = PBXFileReference; fileEncoding = 4; lastKnownFileType = sourcecode.c.objc; path = ASINetworkQueue.m; sourceTree = "<group>"; };
		ADB16D0D183E31FE00115067 /* ASIProgressDelegate.h */ = {isa = PBXFileReference; fileEncoding = 4; lastKnownFileType = sourcecode.c.h; path = ASIProgressDelegate.h; sourceTree = "<group>"; };
		ADB16D0E183E31FE00115067 /* Reachability.h */ = {isa = PBXFileReference; fileEncoding = 4; lastKnownFileType = sourcecode.c.h; path = Reachability.h; sourceTree = "<group>"; };
		ADB16D0F183E31FE00115067 /* Reachability.m */ = {isa = PBXFileReference; fileEncoding = 4; lastKnownFileType = sourcecode.c.objc; path = Reachability.m; sourceTree = "<group>"; };
		ADB16D19183E322C00115067 /* CFNetwork.framework */ = {isa = PBXFileReference; lastKnownFileType = wrapper.framework; name = CFNetwork.framework; path = System/Library/Frameworks/CFNetwork.framework; sourceTree = SDKROOT; };
		ADB16D1B183E337900115067 /* SystemConfiguration.framework */ = {isa = PBXFileReference; lastKnownFileType = wrapper.framework; name = SystemConfiguration.framework; path = System/Library/Frameworks/SystemConfiguration.framework; sourceTree = SDKROOT; };
		ADB16D1D183E338600115067 /* MobileCoreServices.framework */ = {isa = PBXFileReference; lastKnownFileType = wrapper.framework; name = MobileCoreServices.framework; path = System/Library/Frameworks/MobileCoreServices.framework; sourceTree = SDKROOT; };
		ADB16D1F183E33AB00115067 /* libz.dylib */ = {isa = PBXFileReference; lastKnownFileType = "compiled.mach-o.dylib"; name = libz.dylib; path = usr/lib/libz.dylib; sourceTree = SDKROOT; };
		ADB16D21183F0BAA00115067 /* MetadataReceive.h */ = {isa = PBXFileReference; fileEncoding = 4; lastKnownFileType = sourcecode.c.h; path = MetadataReceive.h; sourceTree = "<group>"; };
		ADB16D22183F0BAA00115067 /* MetadataReceive.m */ = {isa = PBXFileReference; fileEncoding = 4; lastKnownFileType = sourcecode.c.objc; path = MetadataReceive.m; sourceTree = "<group>"; };
		ADB16D26183F115200115067 /* NSObject+VdiskJSON.h */ = {isa = PBXFileReference; fileEncoding = 4; lastKnownFileType = sourcecode.c.h; path = "NSObject+VdiskJSON.h"; sourceTree = "<group>"; };
		ADB16D27183F115200115067 /* NSObject+VdiskJSON.m */ = {isa = PBXFileReference; fileEncoding = 4; lastKnownFileType = sourcecode.c.objc; path = "NSObject+VdiskJSON.m"; sourceTree = "<group>"; };
		ADB16D28183F115200115067 /* NSString+VdiskJSON.h */ = {isa = PBXFileReference; fileEncoding = 4; lastKnownFileType = sourcecode.c.h; path = "NSString+VdiskJSON.h"; sourceTree = "<group>"; };
		ADB16D29183F115200115067 /* NSString+VdiskJSON.m */ = {isa = PBXFileReference; fileEncoding = 4; lastKnownFileType = sourcecode.c.objc; path = "NSString+VdiskJSON.m"; sourceTree = "<group>"; };
		ADB16D2A183F115200115067 /* VdiskJSON.h */ = {isa = PBXFileReference; fileEncoding = 4; lastKnownFileType = sourcecode.c.h; path = VdiskJSON.h; sourceTree = "<group>"; };
		ADB16D2B183F115200115067 /* VdiskJSON.m */ = {isa = PBXFileReference; fileEncoding = 4; lastKnownFileType = sourcecode.c.objc; path = VdiskJSON.m; sourceTree = "<group>"; };
		ADB16D2C183F115200115067 /* VdiskJsonBase.h */ = {isa = PBXFileReference; fileEncoding = 4; lastKnownFileType = sourcecode.c.h; path = VdiskJsonBase.h; sourceTree = "<group>"; };
		ADB16D2D183F115200115067 /* VdiskJsonBase.m */ = {isa = PBXFileReference; fileEncoding = 4; lastKnownFileType = sourcecode.c.objc; path = VdiskJsonBase.m; sourceTree = "<group>"; };
		ADB16D2E183F115200115067 /* VdiskJsonParser.h */ = {isa = PBXFileReference; fileEncoding = 4; lastKnownFileType = sourcecode.c.h; path = VdiskJsonParser.h; sourceTree = "<group>"; };
		ADB16D2F183F115200115067 /* VdiskJsonParser.m */ = {isa = PBXFileReference; fileEncoding = 4; lastKnownFileType = sourcecode.c.objc; path = VdiskJsonParser.m; sourceTree = "<group>"; };
		ADB16D30183F115200115067 /* VdiskJsonWriter.h */ = {isa = PBXFileReference; fileEncoding = 4; lastKnownFileType = sourcecode.c.h; path = VdiskJsonWriter.h; sourceTree = "<group>"; };
		ADB16D31183F115200115067 /* VdiskJsonWriter.m */ = {isa = PBXFileReference; fileEncoding = 4; lastKnownFileType = sourcecode.c.objc; path = VdiskJsonWriter.m; sourceTree = "<group>"; };
		ADF1D0D8183F47FE000BF5B5 /* RootViewController.h */ = {isa = PBXFileReference; fileEncoding = 4; lastKnownFileType = sourcecode.c.h; path = RootViewController.h; sourceTree = "<group>"; };
		ADF1D0D9183F47FE000BF5B5 /* RootViewController.mm */ = {isa = PBXFileReference; fileEncoding = 4; lastKnownFileType = sourcecode.cpp.objcpp; path = RootViewController.mm; sourceTree = "<group>"; };
		ADF1D0DC183F58BE000BF5B5 /* PCMRender.h */ = {isa = PBXFileReference; fileEncoding = 4; lastKnownFileType = sourcecode.c.h; path = PCMRender.h; sourceTree = "<group>"; };
		ADF1D0DD183F58BE000BF5B5 /* PCMRender.m */ = {isa = PBXFileReference; fileEncoding = 4; lastKnownFileType = sourcecode.c.objc; path = PCMRender.m; sourceTree = "<group>"; };
		ADF1D0DE183F58BE000BF5B5 /* ViewController.h */ = {isa = PBXFileReference; fileEncoding = 4; lastKnownFileType = sourcecode.c.h; path = ViewController.h; sourceTree = "<group>"; };
		ADF1D0DF183F58BE000BF5B5 /* ViewController.m */ = {isa = PBXFileReference; fileEncoding = 4; lastKnownFileType = sourcecode.c.objc; path = ViewController.m; sourceTree = "<group>"; };
		ADF1D0E2183F5B16000BF5B5 /* AVFoundation.framework */ = {isa = PBXFileReference; lastKnownFileType = wrapper.framework; name = AVFoundation.framework; path = System/Library/Frameworks/AVFoundation.framework; sourceTree = SDKROOT; };
		F712EAAE0DF0FEAF003F7B58 /* aurio_helper.cpp */ = {isa = PBXFileReference; fileEncoding = 4; lastKnownFileType = sourcecode.cpp.cpp; path = aurio_helper.cpp; sourceTree = "<group>"; };
		F712EAAF0DF0FEAF003F7B58 /* aurio_helper.h */ = {isa = PBXFileReference; fileEncoding = 4; lastKnownFileType = sourcecode.c.h; path = aurio_helper.h; sourceTree = "<group>"; };
		F74ADD0F0DDA24AA0046BEC2 /* CADebugMacros.cpp */ = {isa = PBXFileReference; fileEncoding = 4; lastKnownFileType = sourcecode.cpp.cpp; path = CADebugMacros.cpp; sourceTree = "<group>"; };
		F74ADD100DDA24AA0046BEC2 /* CADebugMacros.h */ = {isa = PBXFileReference; fileEncoding = 4; lastKnownFileType = sourcecode.c.h; path = CADebugMacros.h; sourceTree = "<group>"; };
		F74ADD120DDA24AA0046BEC2 /* CAMath.h */ = {isa = PBXFileReference; fileEncoding = 4; lastKnownFileType = sourcecode.c.h; path = CAMath.h; sourceTree = "<group>"; };
		F74ADD150DDA24AA0046BEC2 /* CAStreamBasicDescription.cpp */ = {isa = PBXFileReference; fileEncoding = 4; lastKnownFileType = sourcecode.cpp.cpp; path = CAStreamBasicDescription.cpp; sourceTree = "<group>"; };
		F74ADD160DDA24AA0046BEC2 /* CAStreamBasicDescription.h */ = {isa = PBXFileReference; fileEncoding = 4; lastKnownFileType = sourcecode.c.h; path = CAStreamBasicDescription.h; sourceTree = "<group>"; };
		F74ADD170DDA24AA0046BEC2 /* CAXException.cpp */ = {isa = PBXFileReference; fileEncoding = 4; lastKnownFileType = sourcecode.cpp.cpp; path = CAXException.cpp; sourceTree = "<group>"; };
		F74ADD180DDA24AA0046BEC2 /* CAXException.h */ = {isa = PBXFileReference; fileEncoding = 4; lastKnownFileType = sourcecode.c.h; path = CAXException.h; sourceTree = "<group>"; };
		F7E58ED90DCFD988006C4A2F /* AudioToolbox.framework */ = {isa = PBXFileReference; lastKnownFileType = wrapper.framework; name = AudioToolbox.framework; path = System/Library/Frameworks/AudioToolbox.framework; sourceTree = SDKROOT; };
/* End PBXFileReference section */

/* Begin PBXFrameworksBuildPhase section */
		1D60588F0D05DD3D006BFB54 /* Frameworks */ = {
			isa = PBXFrameworksBuildPhase;
			buildActionMask = 2147483647;
			files = (
				3FA6969D1843296D00B6FFDE /* AssetsLibrary.framework in Frameworks */,
				ADF1D0E3183F5B16000BF5B5 /* AVFoundation.framework in Frameworks */,
				ADB16D20183E33AB00115067 /* libz.dylib in Frameworks */,
				ADB16D1E183E338600115067 /* MobileCoreServices.framework in Frameworks */,
				ADB16D1C183E337900115067 /* SystemConfiguration.framework in Frameworks */,
				ADB16D1A183E322C00115067 /* CFNetwork.framework in Frameworks */,
				8250CD57145B602D00806437 /* Accelerate.framework in Frameworks */,
				1D60589F0D05DD5A006BFB54 /* Foundation.framework in Frameworks */,
				1DF5F4E00D08C38300B7A737 /* UIKit.framework in Frameworks */,
				1D3623EC0D0F72F000981E51 /* CoreGraphics.framework in Frameworks */,
				F7E58EDA0DCFD988006C4A2F /* AudioToolbox.framework in Frameworks */,
				A16C47120DE37F9E00F4A0B3 /* OpenGLES.framework in Frameworks */,
				A16C473F0DE3801700F4A0B3 /* QuartzCore.framework in Frameworks */,
			);
			runOnlyForDeploymentPostprocessing = 0;
		};
/* End PBXFrameworksBuildPhase section */

/* Begin PBXGroup section */
		080E96DDFE201D6D7F000001 /* Classes */ = {
			isa = PBXGroup;
			children = (
				3FA69694184323DF00B6FFDE /* VdiskBase64 */,
				3FC75CFF1843236D006C84F5 /* VdiskUtil.h */,
				3FC75D001843236D006C84F5 /* VdiskUtil.m */,
				ADF1D0DB183F58BE000BF5B5 /* PlayPCM */,
				ADB16D25183F115200115067 /* JSON */,
				ADB16CF9183E31FE00115067 /* ASIHTTPRequest */,
				A16C46DD0DE37EC400F4A0B3 /* EAGLView.h */,
				A16C46DC0DE37EC400F4A0B3 /* EAGLView.m */,
				A10A0C0D0DEDE20700E5A482 /* FFTBufferManager.h */,
				A10A0C0E0DEDE20700E5A482 /* FFTBufferManager.cpp */,
				1D3623240D0F684500981E51 /* AppDelegate.h */,
				1D3623250D0F684500981E51 /* AppDelegate.mm */,
				ADB16D21183F0BAA00115067 /* MetadataReceive.h */,
				ADB16D22183F0BAA00115067 /* MetadataReceive.m */,
				ADF1D0D8183F47FE000BF5B5 /* RootViewController.h */,
				ADF1D0D9183F47FE000BF5B5 /* RootViewController.mm */,
			);
			path = Classes;
			sourceTree = "<group>";
		};
		19C28FACFE9D520D11CA2CBB /* Products */ = {
			isa = PBXGroup;
			children = (
				1D6058910D05DD3D006BFB54 /* WaveTrans.app */,
			);
			name = Products;
			sourceTree = "<group>";
		};
		29B97314FDCFA39411CA2CEA /* CustomTemplate */ = {
			isa = PBXGroup;
			children = (
				080E96DDFE201D6D7F000001 /* Classes */,
				29B97315FDCFA39411CA2CEA /* Other Sources */,
				29B97317FDCFA39411CA2CEA /* Resources */,
				29B97323FDCFA39411CA2CEA /* Frameworks */,
				19C28FACFE9D520D11CA2CBB /* Products */,
			);
			name = CustomTemplate;
			sourceTree = "<group>";
		};
		29B97315FDCFA39411CA2CEA /* Other Sources */ = {
			isa = PBXGroup;
			children = (
				32B1BDE61840F59400FFC32D /* rscode */,
				32B1BDE21840F58900FFC32D /* queue */,
				32B1BDDD1840F57A00FFC32D /* freq_util */,
				32B1BDD21840F55900FFC32D /* kiss_fft */,
				A10A0BFE0DEDDFD000E5A482 /* fft */,
				F74ADD0E0DDA24AA0046BEC2 /* iPublicUtility */,
				F712EAAF0DF0FEAF003F7B58 /* aurio_helper.h */,
				F712EAAE0DF0FEAF003F7B58 /* aurio_helper.cpp */,
				32CA4F630368D1EE00C91783 /* WaveTrans_Prefix.pch */,
				29B97316FDCFA39411CA2CEA /* main.mm */,
			);
			name = "Other Sources";
			sourceTree = "<group>";
		};
		29B97317FDCFA39411CA2CEA /* Resources */ = {
			isa = PBXGroup;
			children = (
				3FA696991843247C00B6FFDE /* Images.xcassets */,
				3FC75CFD18431DB0006C84F5 /* FileExt.plist */,
				3FC75CF3184302B0006C84F5 /* Images */,
				3FC75CF1184302A6006C84F5 /* Info.plist */,
			);
			path = Resources;
			sourceTree = "<group>";
		};
		29B97323FDCFA39411CA2CEA /* Frameworks */ = {
			isa = PBXGroup;
			children = (
				3FA6969C1843296D00B6FFDE /* AssetsLibrary.framework */,
				ADF1D0E2183F5B16000BF5B5 /* AVFoundation.framework */,
				ADB16D1F183E33AB00115067 /* libz.dylib */,
				ADB16D1D183E338600115067 /* MobileCoreServices.framework */,
				ADB16D1B183E337900115067 /* SystemConfiguration.framework */,
				ADB16D19183E322C00115067 /* CFNetwork.framework */,
				8250CD56145B602D00806437 /* Accelerate.framework */,
				A16C473E0DE3801700F4A0B3 /* QuartzCore.framework */,
				A16C47110DE37F9E00F4A0B3 /* OpenGLES.framework */,
				F7E58ED90DCFD988006C4A2F /* AudioToolbox.framework */,
				1D3623EB0D0F72F000981E51 /* CoreGraphics.framework */,
				1DF5F4DF0D08C38300B7A737 /* UIKit.framework */,
				1D30AB110D05D00D00671497 /* Foundation.framework */,
			);
			name = Frameworks;
			sourceTree = "<group>";
		};
		32B1BDD21840F55900FFC32D /* kiss_fft */ = {
			isa = PBXGroup;
			children = (
				32B1BDD31840F55900FFC32D /* _kiss_fft_guts.h */,
				32B1BDD41840F55900FFC32D /* kiss_fastfir.c */,
				32B1BDD51840F55900FFC32D /* kiss_fastfir.h */,
				32B1BDD61840F55900FFC32D /* kiss_fft.c */,
				32B1BDD71840F55900FFC32D /* kiss_fft.h */,
				32B1BDD81840F55900FFC32D /* kiss_fftr.c */,
				32B1BDD91840F55900FFC32D /* kiss_fftr.h */,
			);
			path = kiss_fft;
			sourceTree = "<group>";
		};
		32B1BDDD1840F57A00FFC32D /* freq_util */ = {
			isa = PBXGroup;
			children = (
				32B1BDDE1840F57A00FFC32D /* bb_freq_util.cpp */,
				32B1BDDF1840F57A00FFC32D /* bb_freq_util.h */,
				32B1BDE01840F57A00FFC32D /* bb_header.h */,
			);
			path = freq_util;
			sourceTree = "<group>";
		};
		32B1BDE21840F58900FFC32D /* queue */ = {
			isa = PBXGroup;
			children = (
				32B1BDE31840F58900FFC32D /* queue.cpp */,
				32B1BDE41840F58900FFC32D /* queue.h */,
			);
			path = queue;
			sourceTree = "<group>";
		};
		32B1BDE61840F59400FFC32D /* rscode */ = {
			isa = PBXGroup;
			children = (
				32B1BDE71840F59400FFC32D /* rscode.cpp */,
				32B1BDE81840F59400FFC32D /* rscode.h */,
			);
			path = rscode;
			sourceTree = "<group>";
		};
		3FA69694184323DF00B6FFDE /* VdiskBase64 */ = {
			isa = PBXGroup;
			children = (
				3FA69695184323DF00B6FFDE /* VdiskBase64.h */,
				3FA69696184323DF00B6FFDE /* VdiskBase64.m */,
				3FA69697184323DF00B6FFDE /* VdiskBase64Defines.h */,
			);
			path = VdiskBase64;
			sourceTree = "<group>";
		};
		3FC75CEE1842F462006C84F5 /* unused */ = {
			isa = PBXGroup;
			children = (
				ADF1D0DE183F58BE000BF5B5 /* ViewController.h */,
				ADF1D0DF183F58BE000BF5B5 /* ViewController.m */,
			);
			name = unused;
			sourceTree = "<group>";
		};
		3FC75CF3184302B0006C84F5 /* Images */ = {
			isa = PBXGroup;
			children = (
				3FC75CF5184302B0006C84F5 /* icon.png */,
				3FC75CF4184302B0006C84F5 /* Default-568h@2x.png */,
			);
			path = Images;
			sourceTree = SOURCE_ROOT;
		};
		A10A0BFE0DEDDFD000E5A482 /* fft */ = {
			isa = PBXGroup;
			children = (
				0765F5870DF0DC28006468E4 /* rad2fft.h */,
				0765F5860DF0DC28006468E4 /* rad2fft.c */,
				A10A0C080DEDDFD000E5A482 /* SpectrumAnalysis.h */,
				A10A0C070DEDDFD000E5A482 /* SpectrumAnalysis.cpp */,
			);
			path = fft;
			sourceTree = "<group>";
		};
		ADB16CF9183E31FE00115067 /* ASIHTTPRequest */ = {
			isa = PBXGroup;
			children = (
				ADB16CFA183E31FE00115067 /* ASIAuthenticationDialog.h */,
				ADB16CFB183E31FE00115067 /* ASIAuthenticationDialog.m */,
				ADB16CFC183E31FE00115067 /* ASICacheDelegate.h */,
				ADB16CFD183E31FE00115067 /* ASIDataCompressor.h */,
				ADB16CFE183E31FE00115067 /* ASIDataCompressor.m */,
				ADB16CFF183E31FE00115067 /* ASIDataDecompressor.h */,
				ADB16D00183E31FE00115067 /* ASIDataDecompressor.m */,
				ADB16D01183E31FE00115067 /* ASIDownloadCache.h */,
				ADB16D02183E31FE00115067 /* ASIDownloadCache.m */,
				ADB16D03183E31FE00115067 /* ASIFormDataRequest.h */,
				ADB16D04183E31FE00115067 /* ASIFormDataRequest.m */,
				ADB16D05183E31FE00115067 /* ASIHTTPRequest.h */,
				ADB16D06183E31FE00115067 /* ASIHTTPRequest.m */,
				ADB16D07183E31FE00115067 /* ASIHTTPRequestConfig.h */,
				ADB16D08183E31FE00115067 /* ASIHTTPRequestDelegate.h */,
				ADB16D09183E31FE00115067 /* ASIInputStream.h */,
				ADB16D0A183E31FE00115067 /* ASIInputStream.m */,
				ADB16D0B183E31FE00115067 /* ASINetworkQueue.h */,
				ADB16D0C183E31FE00115067 /* ASINetworkQueue.m */,
				ADB16D0D183E31FE00115067 /* ASIProgressDelegate.h */,
				ADB16D0E183E31FE00115067 /* Reachability.h */,
				ADB16D0F183E31FE00115067 /* Reachability.m */,
			);
			path = ASIHTTPRequest;
			sourceTree = "<group>";
		};
		ADB16D25183F115200115067 /* JSON */ = {
			isa = PBXGroup;
			children = (
				ADB16D26183F115200115067 /* NSObject+VdiskJSON.h */,
				ADB16D27183F115200115067 /* NSObject+VdiskJSON.m */,
				ADB16D28183F115200115067 /* NSString+VdiskJSON.h */,
				ADB16D29183F115200115067 /* NSString+VdiskJSON.m */,
				ADB16D2A183F115200115067 /* VdiskJSON.h */,
				ADB16D2B183F115200115067 /* VdiskJSON.m */,
				ADB16D2C183F115200115067 /* VdiskJsonBase.h */,
				ADB16D2D183F115200115067 /* VdiskJsonBase.m */,
				ADB16D2E183F115200115067 /* VdiskJsonParser.h */,
				ADB16D2F183F115200115067 /* VdiskJsonParser.m */,
				ADB16D30183F115200115067 /* VdiskJsonWriter.h */,
				ADB16D31183F115200115067 /* VdiskJsonWriter.m */,
			);
			path = JSON;
			sourceTree = "<group>";
		};
		ADF1D0DB183F58BE000BF5B5 /* PlayPCM */ = {
			isa = PBXGroup;
			children = (
				3FC75CEE1842F462006C84F5 /* unused */,
				ADF1D0DC183F58BE000BF5B5 /* PCMRender.h */,
				ADF1D0DD183F58BE000BF5B5 /* PCMRender.m */,
			);
			path = PlayPCM;
			sourceTree = "<group>";
		};
		F74ADD0E0DDA24AA0046BEC2 /* iPublicUtility */ = {
			isa = PBXGroup;
			children = (
				8250CD55145B601A00806437 /* CABitOperations.h */,
				F74ADD100DDA24AA0046BEC2 /* CADebugMacros.h */,
				F74ADD0F0DDA24AA0046BEC2 /* CADebugMacros.cpp */,
				F74ADD180DDA24AA0046BEC2 /* CAXException.h */,
				F74ADD170DDA24AA0046BEC2 /* CAXException.cpp */,
				F74ADD120DDA24AA0046BEC2 /* CAMath.h */,
				F74ADD160DDA24AA0046BEC2 /* CAStreamBasicDescription.h */,
				F74ADD150DDA24AA0046BEC2 /* CAStreamBasicDescription.cpp */,
			);
			path = iPublicUtility;
			sourceTree = "<group>";
		};
/* End PBXGroup section */

/* Begin PBXNativeTarget section */
		1D6058900D05DD3D006BFB54 /* WaveTrans */ = {
			isa = PBXNativeTarget;
			buildConfigurationList = 1D6058960D05DD3E006BFB54 /* Build configuration list for PBXNativeTarget "WaveTrans" */;
			buildPhases = (
				1D60588D0D05DD3D006BFB54 /* Resources */,
				1D60588E0D05DD3D006BFB54 /* Sources */,
				1D60588F0D05DD3D006BFB54 /* Frameworks */,
			);
			buildRules = (
			);
			dependencies = (
			);
			name = WaveTrans;
			productName = aurioTouch;
			productReference = 1D6058910D05DD3D006BFB54 /* WaveTrans.app */;
			productType = "com.apple.product-type.application";
		};
/* End PBXNativeTarget section */

/* Begin PBXProject section */
		29B97313FDCFA39411CA2CEA /* Project object */ = {
			isa = PBXProject;
			attributes = {
				LastUpgradeCheck = 0500;
			};
			buildConfigurationList = C01FCF4E08A954540054247B /* Build configuration list for PBXProject "WaveTrans" */;
			compatibilityVersion = "Xcode 3.2";
			developmentRegion = English;
			hasScannedForEncodings = 1;
			knownRegions = (
				English,
				Japanese,
				French,
				German,
			);
			mainGroup = 29B97314FDCFA39411CA2CEA /* CustomTemplate */;
			projectDirPath = "";
			projectRoot = "";
			targets = (
				1D6058900D05DD3D006BFB54 /* WaveTrans */,
			);
		};
/* End PBXProject section */

/* Begin PBXResourcesBuildPhase section */
		1D60588D0D05DD3D006BFB54 /* Resources */ = {
			isa = PBXResourcesBuildPhase;
			buildActionMask = 2147483647;
			files = (
				3FA6969B184324C000B6FFDE /* FileExt.plist in Resources */,
				3FA6969A1843247C00B6FFDE /* Images.xcassets in Resources */,
				3FC75CF6184302B0006C84F5 /* Default-568h@2x.png in Resources */,
				3FC75CF7184302B0006C84F5 /* icon.png in Resources */,
			);
			runOnlyForDeploymentPostprocessing = 0;
		};
/* End PBXResourcesBuildPhase section */

/* Begin PBXSourcesBuildPhase section */
		1D60588E0D05DD3D006BFB54 /* Sources */ = {
			isa = PBXSourcesBuildPhase;
			buildActionMask = 2147483647;
			files = (
				32B1BDDA1840F55900FFC32D /* kiss_fastfir.c in Sources */,
				1D60589B0D05DD56006BFB54 /* main.mm in Sources */,
				ADB16D12183E31FE00115067 /* ASIDataDecompressor.m in Sources */,
				ADB16D11183E31FE00115067 /* ASIDataCompressor.m in Sources */,
				32B1BDDC1840F55900FFC32D /* kiss_fftr.c in Sources */,
				ADB16D33183F115200115067 /* NSString+VdiskJSON.m in Sources */,
				ADF1D0E0183F58BE000BF5B5 /* PCMRender.m in Sources */,
				1D3623260D0F684500981E51 /* AppDelegate.mm in Sources */,
				3FA69698184323DF00B6FFDE /* VdiskBase64.m in Sources */,
				ADB16D14183E31FE00115067 /* ASIFormDataRequest.m in Sources */,
				3FC75D011843236D006C84F5 /* VdiskUtil.m in Sources */,
				ADF1D0DA183F47FE000BF5B5 /* RootViewController.mm in Sources */,
				3FC75CED1842F3E6006C84F5 /* ASIAuthenticationDialog.m in Sources */,
				F74ADD190DDA24AA0046BEC2 /* CADebugMacros.cpp in Sources */,
				ADB16D23183F0BAA00115067 /* MetadataReceive.m in Sources */,
				ADB16D32183F115200115067 /* NSObject+VdiskJSON.m in Sources */,
				ADB16D36183F115200115067 /* VdiskJsonParser.m in Sources */,
				ADB16D17183E31FE00115067 /* ASINetworkQueue.m in Sources */,
				F74ADD1B0DDA24AA0046BEC2 /* CAStreamBasicDescription.cpp in Sources */,
				F74ADD1C0DDA24AA0046BEC2 /* CAXException.cpp in Sources */,
				ADB16D35183F115200115067 /* VdiskJsonBase.m in Sources */,
				32B1BDDB1840F55900FFC32D /* kiss_fft.c in Sources */,
				ADB16D37183F115200115067 /* VdiskJsonWriter.m in Sources */,
				A16C46DE0DE37EC400F4A0B3 /* EAGLView.m in Sources */,
				A10A0C0F0DEDE20700E5A482 /* FFTBufferManager.cpp in Sources */,
				32B1BDE11840F57A00FFC32D /* bb_freq_util.cpp in Sources */,
				ADB16D13183E31FE00115067 /* ASIDownloadCache.m in Sources */,
				ADB16D18183E31FE00115067 /* Reachability.m in Sources */,
				ADB16D34183F115200115067 /* VdiskJSON.m in Sources */,
				ADB16D15183E31FE00115067 /* ASIHTTPRequest.m in Sources */,
				F712EAB00DF0FEAF003F7B58 /* aurio_helper.cpp in Sources */,
				32B1BDE91840F59400FFC32D /* rscode.cpp in Sources */,
				ADB16D16183E31FE00115067 /* ASIInputStream.m in Sources */,
				32B1BDE51840F58900FFC32D /* queue.cpp in Sources */,
			);
			runOnlyForDeploymentPostprocessing = 0;
		};
/* End PBXSourcesBuildPhase section */

/* Begin XCBuildConfiguration section */
		1D6058940D05DD3E006BFB54 /* Debug */ = {
			isa = XCBuildConfiguration;
			buildSettings = {
				ASSETCATALOG_COMPILER_APPICON_NAME = AppIcon;
				ASSETCATALOG_COMPILER_LAUNCHIMAGE_NAME = LaunchImage;
				COPY_PHASE_STRIP = NO;
				GCC_DYNAMIC_NO_PIC = NO;
				GCC_OPTIMIZATION_LEVEL = 0;
				GCC_PRECOMPILE_PREFIX_HEADER = YES;
				GCC_PREFIX_HEADER = WaveTrans_Prefix.pch;
				INFOPLIST_FILE = Info.plist;
				IPHONEOS_DEPLOYMENT_TARGET = 6.0;
				PRODUCT_NAME = WaveTrans;
			};
			name = Debug;
		};
		1D6058950D05DD3E006BFB54 /* Release */ = {
			isa = XCBuildConfiguration;
			buildSettings = {
				ASSETCATALOG_COMPILER_APPICON_NAME = AppIcon;
				ASSETCATALOG_COMPILER_LAUNCHIMAGE_NAME = LaunchImage;
				COPY_PHASE_STRIP = YES;
				GCC_PRECOMPILE_PREFIX_HEADER = YES;
				GCC_PREFIX_HEADER = WaveTrans_Prefix.pch;
				INFOPLIST_FILE = Info.plist;
				IPHONEOS_DEPLOYMENT_TARGET = 6.0;
				PRODUCT_NAME = WaveTrans;
			};
			name = Release;
		};
		C01FCF4F08A954540054247B /* Debug */ = {
			isa = XCBuildConfiguration;
			buildSettings = {
				CODE_SIGN_IDENTITY = "iPhone Developer: Bruce Chen (KKYLDFR684)";
				GCC_C_LANGUAGE_STANDARD = c99;
				GCC_OPTIMIZATION_LEVEL = 0;
				GCC_THUMB_SUPPORT = NO;
				GCC_WARN_ABOUT_RETURN_TYPE = YES;
				GCC_WARN_UNUSED_VARIABLE = YES;
				ONLY_ACTIVE_ARCH = YES;
				PROVISIONING_PROFILE = "B04D3B55-C164-4FAF-B582-F7D94F403D99";
				SDKROOT = iphoneos;
			};
			name = Debug;
		};
		C01FCF5008A954540054247B /* Release */ = {
			isa = XCBuildConfiguration;
			buildSettings = {
				GCC_C_LANGUAGE_STANDARD = c99;
				GCC_THUMB_SUPPORT = NO;
				GCC_WARN_ABOUT_RETURN_TYPE = YES;
				GCC_WARN_UNUSED_VARIABLE = YES;
				SDKROOT = iphoneos;
			};
			name = Release;
		};
/* End XCBuildConfiguration section */

/* Begin XCConfigurationList section */
		1D6058960D05DD3E006BFB54 /* Build configuration list for PBXNativeTarget "WaveTrans" */ = {
			isa = XCConfigurationList;
			buildConfigurations = (
				1D6058940D05DD3E006BFB54 /* Debug */,
				1D6058950D05DD3E006BFB54 /* Release */,
			);
			defaultConfigurationIsVisible = 0;
			defaultConfigurationName = Release;
		};
		C01FCF4E08A954540054247B /* Build configuration list for PBXProject "WaveTrans" */ = {
			isa = XCConfigurationList;
			buildConfigurations = (
				C01FCF4F08A954540054247B /* Debug */,
				C01FCF5008A954540054247B /* Release */,
			);
			defaultConfigurationIsVisible = 0;
			defaultConfigurationName = Release;
		};
/* End XCConfigurationList section */
	};
	rootObject = 29B97313FDCFA39411CA2CEA /* Project object */;
}
